
Microsoft Visual Studio Solution File, Format Version 12.00
# Visual Studio Version 16
VisualStudioVersion = 16.0.29102.190
MinimumVisualStudioVersion = 10.0.40219.1
Project("{E53339B2-1760-4266-BCC7-CA923CBCF16C}") = "docker-compose", "docker-compose.dcproj", "{FEA0C318-FFED-4D39-8781-265718CA43DD}"
EndProject
Project("{2150E333-8FDC-42A3-9474-1A3956D46DE8}") = "src", "src", "{932D8224-11F6-4D07-B109-DA28AD288A63}"
EndProject
Project("{2150E333-8FDC-42A3-9474-1A3956D46DE8}") = "Solution Items", "Solution Items", "{3AF739CD-81D8-428D-A08A-0A58372DEBF6}"
	ProjectSection(SolutionItems) = preProject
		.env = .env
		Local.testsettings = Local.testsettings
		NuGet.config = NuGet.config
	EndProjectSection
EndProject
Project("{2150E333-8FDC-42A3-9474-1A3956D46DE8}") = "Services", "Services", "{91CF7717-08AB-4E65-B10E-0B426F01E2E8}"
EndProject
Project("{2150E333-8FDC-42A3-9474-1A3956D46DE8}") = "Web Apps", "Web Apps", "{E279BF0F-7F66-4F3A-A3AB-2CDA66C1CD04}"
EndProject
Project("{9A19103F-16F7-4668-BE54-9A1E7A4F7556}") = "WebMVC", "src\Web\WebMVC\WebMVC.csproj", "{F0333D8E-0B27-42B7-B2C6-78F3657624E2}"
EndProject
Project("{2150E333-8FDC-42A3-9474-1A3956D46DE8}") = "BuildingBlocks", "BuildingBlocks", "{DB0EFB20-B024-4E5E-A75C-52143C131D25}"
EndProject
Project("{2150E333-8FDC-42A3-9474-1A3956D46DE8}") = "EventBus", "EventBus", "{807BB76E-B2BB-47A2-A57B-3D1B20FF5E7F}"
EndProject
Project("{9A19103F-16F7-4668-BE54-9A1E7A4F7556}") = "EventBus", "src\BuildingBlocks\EventBus\EventBus\EventBus.csproj", "{0044B293-1DCC-4224-B948-00CF6DC7F510}"
EndProject
Project("{9A19103F-16F7-4668-BE54-9A1E7A4F7556}") = "EventBusRabbitMQ", "src\BuildingBlocks\EventBus\EventBusRabbitMQ\EventBusRabbitMQ.csproj", "{8088F3FC-6787-45FA-A924-816EC81CBFAC}"
EndProject
Project("{9A19103F-16F7-4668-BE54-9A1E7A4F7556}") = "IntegrationEventLogEF", "src\BuildingBlocks\EventBus\IntegrationEventLogEF\IntegrationEventLogEF.csproj", "{9EE28E45-1533-472B-8267-56C48855BA0E}"
EndProject
Project("{9A19103F-16F7-4668-BE54-9A1E7A4F7556}") = "WebStatus", "src\Web\WebStatus\WebStatus.csproj", "{C0A7918D-B4F2-4E7F-8DE2-1E5279EF079F}"
EndProject
Project("{2150E333-8FDC-42A3-9474-1A3956D46DE8}") = "WebHost", "WebHost", "{1815B651-941C-466B-AE33-D1D7EEB8F77F}"
EndProject
Project("{9A19103F-16F7-4668-BE54-9A1E7A4F7556}") = "WebHost.Customization", "src\BuildingBlocks\WebHostCustomization\WebHost.Customization\WebHost.Customization.csproj", "{15F4B3AA-89B6-4A0D-9051-414305974781}"
EndProject
Project("{2150E333-8FDC-42A3-9474-1A3956D46DE8}") = "ApiGateways", "ApiGateways", "{77849D35-37D4-4802-81DC-9477B2775A40}"
EndProject
Project("{2150E333-8FDC-42A3-9474-1A3956D46DE8}") = "Base", "Base", "{BD41987C-C450-42CE-A232-364A8B8FA99A}"
EndProject
Project("{9A19103F-16F7-4668-BE54-9A1E7A4F7556}") = "Usavc.Microservices.Common", "src\BuildingBlocks\Base\Usavc.Microservices.Common.csproj", "{1BD3003B-B486-49AB-9DE9-44B185BCD6E4}"
EndProject
Project("{2150E333-8FDC-42A3-9474-1A3956D46DE8}") = "Sync", "Sync", "{B3D28DFD-59F1-43E4-8FF3-04C3CFC1711B}"
EndProject
Project("{2150E333-8FDC-42A3-9474-1A3956D46DE8}") = "Appointment", "Appointment", "{C1B4C318-C67A-440C-9DED-44447E14A136}"
EndProject
Project("{9A19103F-16F7-4668-BE54-9A1E7A4F7556}") = "Appointment.API", "src\Services\Appointment\Appointment.API\Appointment.API.csproj", "{2D1BC449-784C-4A67-AF8A-3D6D7563C405}"
EndProject
Project("{9A19103F-16F7-4668-BE54-9A1E7A4F7556}") = "OcelotApiGw", "src\ApiGateways\OcelotApiGw.csproj", "{E8435B58-4A4F-479E-9515-703022984759}"
EndProject
Project("{9A19103F-16F7-4668-BE54-9A1E7A4F7556}") = "Dotmim.Sync.SampleConsole", "src\BuildingBlocks\Sync\Dotmim.Sync.SampleConsole\Dotmim.Sync.SampleConsole.csproj", "{3246C050-95F1-4824-909F-3033A296D912}"
EndProject
Project("{9A19103F-16F7-4668-BE54-9A1E7A4F7556}") = "Dotmim.Sync.Core", "src\BuildingBlocks\Sync\Dotmim.Sync.Core\Dotmim.Sync.Core.csproj", "{5C1C2EC9-3D1E-418D-A340-1114027A3964}"
EndProject
Project("{9A19103F-16F7-4668-BE54-9A1E7A4F7556}") = "Dotmim.Sync.SqlServer", "src\BuildingBlocks\Sync\Dotmim.Sync.SqlServer\Dotmim.Sync.SqlServer.csproj", "{114FEF67-2F22-4D7A-BB1D-183F1D1E2C86}"
EndProject
Global
	GlobalSection(SolutionConfigurationPlatforms) = preSolution
		Ad-Hoc|Any CPU = Ad-Hoc|Any CPU
		Ad-Hoc|ARM = Ad-Hoc|ARM
		Ad-Hoc|iPhone = Ad-Hoc|iPhone
		Ad-Hoc|iPhoneSimulator = Ad-Hoc|iPhoneSimulator
		Ad-Hoc|x64 = Ad-Hoc|x64
		Ad-Hoc|x86 = Ad-Hoc|x86
		AppStore|Any CPU = AppStore|Any CPU
		AppStore|ARM = AppStore|ARM
		AppStore|iPhone = AppStore|iPhone
		AppStore|iPhoneSimulator = AppStore|iPhoneSimulator
		AppStore|x64 = AppStore|x64
		AppStore|x86 = AppStore|x86
		Debug|Any CPU = Debug|Any CPU
		Debug|ARM = Debug|ARM
		Debug|iPhone = Debug|iPhone
		Debug|iPhoneSimulator = Debug|iPhoneSimulator
		Debug|x64 = Debug|x64
		Debug|x86 = Debug|x86
		Release|Any CPU = Release|Any CPU
		Release|ARM = Release|ARM
		Release|iPhone = Release|iPhone
		Release|iPhoneSimulator = Release|iPhoneSimulator
		Release|x64 = Release|x64
		Release|x86 = Release|x86
	EndGlobalSection
	GlobalSection(ProjectConfigurationPlatforms) = postSolution
		{FEA0C318-FFED-4D39-8781-265718CA43DD}.Ad-Hoc|Any CPU.ActiveCfg = Debug|Any CPU
		{FEA0C318-FFED-4D39-8781-265718CA43DD}.Ad-Hoc|Any CPU.Build.0 = Debug|Any CPU
		{FEA0C318-FFED-4D39-8781-265718CA43DD}.Ad-Hoc|ARM.ActiveCfg = Debug|Any CPU
		{FEA0C318-FFED-4D39-8781-265718CA43DD}.Ad-Hoc|ARM.Build.0 = Debug|Any CPU
		{FEA0C318-FFED-4D39-8781-265718CA43DD}.Ad-Hoc|iPhone.ActiveCfg = Debug|Any CPU
		{FEA0C318-FFED-4D39-8781-265718CA43DD}.Ad-Hoc|iPhone.Build.0 = Debug|Any CPU
		{FEA0C318-FFED-4D39-8781-265718CA43DD}.Ad-Hoc|iPhoneSimulator.ActiveCfg = Debug|Any CPU
		{FEA0C318-FFED-4D39-8781-265718CA43DD}.Ad-Hoc|iPhoneSimulator.Build.0 = Debug|Any CPU
		{FEA0C318-FFED-4D39-8781-265718CA43DD}.Ad-Hoc|x64.ActiveCfg = Debug|Any CPU
		{FEA0C318-FFED-4D39-8781-265718CA43DD}.Ad-Hoc|x64.Build.0 = Debug|Any CPU
		{FEA0C318-FFED-4D39-8781-265718CA43DD}.Ad-Hoc|x86.ActiveCfg = Debug|Any CPU
		{FEA0C318-FFED-4D39-8781-265718CA43DD}.Ad-Hoc|x86.Build.0 = Debug|Any CPU
		{FEA0C318-FFED-4D39-8781-265718CA43DD}.AppStore|Any CPU.ActiveCfg = Debug|Any CPU
		{FEA0C318-FFED-4D39-8781-265718CA43DD}.AppStore|Any CPU.Build.0 = Debug|Any CPU
		{FEA0C318-FFED-4D39-8781-265718CA43DD}.AppStore|ARM.ActiveCfg = Debug|Any CPU
		{FEA0C318-FFED-4D39-8781-265718CA43DD}.AppStore|ARM.Build.0 = Debug|Any CPU
		{FEA0C318-FFED-4D39-8781-265718CA43DD}.AppStore|iPhone.ActiveCfg = Debug|Any CPU
		{FEA0C318-FFED-4D39-8781-265718CA43DD}.AppStore|iPhone.Build.0 = Debug|Any CPU
		{FEA0C318-FFED-4D39-8781-265718CA43DD}.AppStore|iPhoneSimulator.ActiveCfg = Debug|Any CPU
		{FEA0C318-FFED-4D39-8781-265718CA43DD}.AppStore|iPhoneSimulator.Build.0 = Debug|Any CPU
		{FEA0C318-FFED-4D39-8781-265718CA43DD}.AppStore|x64.ActiveCfg = Debug|Any CPU
		{FEA0C318-FFED-4D39-8781-265718CA43DD}.AppStore|x64.Build.0 = Debug|Any CPU
		{FEA0C318-FFED-4D39-8781-265718CA43DD}.AppStore|x86.ActiveCfg = Debug|Any CPU
		{FEA0C318-FFED-4D39-8781-265718CA43DD}.AppStore|x86.Build.0 = Debug|Any CPU
		{FEA0C318-FFED-4D39-8781-265718CA43DD}.Debug|Any CPU.ActiveCfg = Debug|Any CPU
		{FEA0C318-FFED-4D39-8781-265718CA43DD}.Debug|Any CPU.Build.0 = Debug|Any CPU
		{FEA0C318-FFED-4D39-8781-265718CA43DD}.Debug|ARM.ActiveCfg = Debug|Any CPU
		{FEA0C318-FFED-4D39-8781-265718CA43DD}.Debug|ARM.Build.0 = Debug|Any CPU
		{FEA0C318-FFED-4D39-8781-265718CA43DD}.Debug|iPhone.ActiveCfg = Debug|Any CPU
		{FEA0C318-FFED-4D39-8781-265718CA43DD}.Debug|iPhone.Build.0 = Debug|Any CPU
		{FEA0C318-FFED-4D39-8781-265718CA43DD}.Debug|iPhoneSimulator.ActiveCfg = Debug|Any CPU
		{FEA0C318-FFED-4D39-8781-265718CA43DD}.Debug|iPhoneSimulator.Build.0 = Debug|Any CPU
		{FEA0C318-FFED-4D39-8781-265718CA43DD}.Debug|x64.ActiveCfg = Debug|Any CPU
		{FEA0C318-FFED-4D39-8781-265718CA43DD}.Debug|x64.Build.0 = Debug|Any CPU
		{FEA0C318-FFED-4D39-8781-265718CA43DD}.Debug|x86.ActiveCfg = Debug|Any CPU
		{FEA0C318-FFED-4D39-8781-265718CA43DD}.Debug|x86.Build.0 = Debug|Any CPU
		{FEA0C318-FFED-4D39-8781-265718CA43DD}.Release|Any CPU.ActiveCfg = Release|Any CPU
		{FEA0C318-FFED-4D39-8781-265718CA43DD}.Release|Any CPU.Build.0 = Release|Any CPU
		{FEA0C318-FFED-4D39-8781-265718CA43DD}.Release|ARM.ActiveCfg = Release|Any CPU
		{FEA0C318-FFED-4D39-8781-265718CA43DD}.Release|ARM.Build.0 = Release|Any CPU
		{FEA0C318-FFED-4D39-8781-265718CA43DD}.Release|iPhone.ActiveCfg = Release|Any CPU
		{FEA0C318-FFED-4D39-8781-265718CA43DD}.Release|iPhone.Build.0 = Release|Any CPU
		{FEA0C318-FFED-4D39-8781-265718CA43DD}.Release|iPhoneSimulator.ActiveCfg = Release|Any CPU
		{FEA0C318-FFED-4D39-8781-265718CA43DD}.Release|iPhoneSimulator.Build.0 = Release|Any CPU
		{FEA0C318-FFED-4D39-8781-265718CA43DD}.Release|x64.ActiveCfg = Release|Any CPU
		{FEA0C318-FFED-4D39-8781-265718CA43DD}.Release|x64.Build.0 = Release|Any CPU
		{FEA0C318-FFED-4D39-8781-265718CA43DD}.Release|x86.ActiveCfg = Release|Any CPU
		{FEA0C318-FFED-4D39-8781-265718CA43DD}.Release|x86.Build.0 = Release|Any CPU
		{F0333D8E-0B27-42B7-B2C6-78F3657624E2}.Ad-Hoc|Any CPU.ActiveCfg = Release|Any CPU
		{F0333D8E-0B27-42B7-B2C6-78F3657624E2}.Ad-Hoc|ARM.ActiveCfg = Release|Any CPU
		{F0333D8E-0B27-42B7-B2C6-78F3657624E2}.Ad-Hoc|iPhone.ActiveCfg = Release|Any CPU
		{F0333D8E-0B27-42B7-B2C6-78F3657624E2}.Ad-Hoc|iPhoneSimulator.ActiveCfg = Release|Any CPU
		{F0333D8E-0B27-42B7-B2C6-78F3657624E2}.Ad-Hoc|x64.ActiveCfg = Release|Any CPU
		{F0333D8E-0B27-42B7-B2C6-78F3657624E2}.Ad-Hoc|x86.ActiveCfg = Release|Any CPU
		{F0333D8E-0B27-42B7-B2C6-78F3657624E2}.AppStore|Any CPU.ActiveCfg = Release|Any CPU
		{F0333D8E-0B27-42B7-B2C6-78F3657624E2}.AppStore|ARM.ActiveCfg = Release|Any CPU
		{F0333D8E-0B27-42B7-B2C6-78F3657624E2}.AppStore|iPhone.ActiveCfg = Release|Any CPU
		{F0333D8E-0B27-42B7-B2C6-78F3657624E2}.AppStore|iPhoneSimulator.ActiveCfg = Release|Any CPU
		{F0333D8E-0B27-42B7-B2C6-78F3657624E2}.AppStore|x64.ActiveCfg = Release|Any CPU
		{F0333D8E-0B27-42B7-B2C6-78F3657624E2}.AppStore|x86.ActiveCfg = Release|Any CPU
		{F0333D8E-0B27-42B7-B2C6-78F3657624E2}.Debug|Any CPU.ActiveCfg = Debug|Any CPU
		{F0333D8E-0B27-42B7-B2C6-78F3657624E2}.Debug|Any CPU.Build.0 = Debug|Any CPU
		{F0333D8E-0B27-42B7-B2C6-78F3657624E2}.Debug|ARM.ActiveCfg = Debug|Any CPU
		{F0333D8E-0B27-42B7-B2C6-78F3657624E2}.Debug|iPhone.ActiveCfg = Debug|Any CPU
		{F0333D8E-0B27-42B7-B2C6-78F3657624E2}.Debug|iPhoneSimulator.ActiveCfg = Debug|Any CPU
		{F0333D8E-0B27-42B7-B2C6-78F3657624E2}.Debug|x64.ActiveCfg = Debug|Any CPU
		{F0333D8E-0B27-42B7-B2C6-78F3657624E2}.Debug|x86.ActiveCfg = Debug|Any CPU
		{F0333D8E-0B27-42B7-B2C6-78F3657624E2}.Release|Any CPU.ActiveCfg = Release|Any CPU
		{F0333D8E-0B27-42B7-B2C6-78F3657624E2}.Release|Any CPU.Build.0 = Release|Any CPU
		{F0333D8E-0B27-42B7-B2C6-78F3657624E2}.Release|ARM.ActiveCfg = Release|Any CPU
		{F0333D8E-0B27-42B7-B2C6-78F3657624E2}.Release|iPhone.ActiveCfg = Release|Any CPU
		{F0333D8E-0B27-42B7-B2C6-78F3657624E2}.Release|iPhoneSimulator.ActiveCfg = Release|Any CPU
		{F0333D8E-0B27-42B7-B2C6-78F3657624E2}.Release|x64.ActiveCfg = Release|Any CPU
		{F0333D8E-0B27-42B7-B2C6-78F3657624E2}.Release|x86.ActiveCfg = Release|Any CPU
		{0044B293-1DCC-4224-B948-00CF6DC7F510}.Ad-Hoc|Any CPU.ActiveCfg = Debug|Any CPU
		{0044B293-1DCC-4224-B948-00CF6DC7F510}.Ad-Hoc|Any CPU.Build.0 = Debug|Any CPU
		{0044B293-1DCC-4224-B948-00CF6DC7F510}.Ad-Hoc|ARM.ActiveCfg = Debug|Any CPU
		{0044B293-1DCC-4224-B948-00CF6DC7F510}.Ad-Hoc|ARM.Build.0 = Debug|Any CPU
		{0044B293-1DCC-4224-B948-00CF6DC7F510}.Ad-Hoc|iPhone.ActiveCfg = Debug|Any CPU
		{0044B293-1DCC-4224-B948-00CF6DC7F510}.Ad-Hoc|iPhone.Build.0 = Debug|Any CPU
		{0044B293-1DCC-4224-B948-00CF6DC7F510}.Ad-Hoc|iPhoneSimulator.ActiveCfg = Debug|Any CPU
		{0044B293-1DCC-4224-B948-00CF6DC7F510}.Ad-Hoc|iPhoneSimulator.Build.0 = Debug|Any CPU
		{0044B293-1DCC-4224-B948-00CF6DC7F510}.Ad-Hoc|x64.ActiveCfg = Debug|Any CPU
		{0044B293-1DCC-4224-B948-00CF6DC7F510}.Ad-Hoc|x64.Build.0 = Debug|Any CPU
		{0044B293-1DCC-4224-B948-00CF6DC7F510}.Ad-Hoc|x86.ActiveCfg = Debug|Any CPU
		{0044B293-1DCC-4224-B948-00CF6DC7F510}.Ad-Hoc|x86.Build.0 = Debug|Any CPU
		{0044B293-1DCC-4224-B948-00CF6DC7F510}.AppStore|Any CPU.ActiveCfg = Debug|Any CPU
		{0044B293-1DCC-4224-B948-00CF6DC7F510}.AppStore|Any CPU.Build.0 = Debug|Any CPU
		{0044B293-1DCC-4224-B948-00CF6DC7F510}.AppStore|ARM.ActiveCfg = Debug|Any CPU
		{0044B293-1DCC-4224-B948-00CF6DC7F510}.AppStore|ARM.Build.0 = Debug|Any CPU
		{0044B293-1DCC-4224-B948-00CF6DC7F510}.AppStore|iPhone.ActiveCfg = Debug|Any CPU
		{0044B293-1DCC-4224-B948-00CF6DC7F510}.AppStore|iPhone.Build.0 = Debug|Any CPU
		{0044B293-1DCC-4224-B948-00CF6DC7F510}.AppStore|iPhoneSimulator.ActiveCfg = Debug|Any CPU
		{0044B293-1DCC-4224-B948-00CF6DC7F510}.AppStore|iPhoneSimulator.Build.0 = Debug|Any CPU
		{0044B293-1DCC-4224-B948-00CF6DC7F510}.AppStore|x64.ActiveCfg = Debug|Any CPU
		{0044B293-1DCC-4224-B948-00CF6DC7F510}.AppStore|x64.Build.0 = Debug|Any CPU
		{0044B293-1DCC-4224-B948-00CF6DC7F510}.AppStore|x86.ActiveCfg = Debug|Any CPU
		{0044B293-1DCC-4224-B948-00CF6DC7F510}.AppStore|x86.Build.0 = Debug|Any CPU
		{0044B293-1DCC-4224-B948-00CF6DC7F510}.Debug|Any CPU.ActiveCfg = Debug|Any CPU
		{0044B293-1DCC-4224-B948-00CF6DC7F510}.Debug|Any CPU.Build.0 = Debug|Any CPU
		{0044B293-1DCC-4224-B948-00CF6DC7F510}.Debug|ARM.ActiveCfg = Debug|Any CPU
		{0044B293-1DCC-4224-B948-00CF6DC7F510}.Debug|ARM.Build.0 = Debug|Any CPU
		{0044B293-1DCC-4224-B948-00CF6DC7F510}.Debug|iPhone.ActiveCfg = Debug|Any CPU
		{0044B293-1DCC-4224-B948-00CF6DC7F510}.Debug|iPhone.Build.0 = Debug|Any CPU
		{0044B293-1DCC-4224-B948-00CF6DC7F510}.Debug|iPhoneSimulator.ActiveCfg = Debug|Any CPU
		{0044B293-1DCC-4224-B948-00CF6DC7F510}.Debug|iPhoneSimulator.Build.0 = Debug|Any CPU
		{0044B293-1DCC-4224-B948-00CF6DC7F510}.Debug|x64.ActiveCfg = Debug|Any CPU
		{0044B293-1DCC-4224-B948-00CF6DC7F510}.Debug|x64.Build.0 = Debug|Any CPU
		{0044B293-1DCC-4224-B948-00CF6DC7F510}.Debug|x86.ActiveCfg = Debug|Any CPU
		{0044B293-1DCC-4224-B948-00CF6DC7F510}.Debug|x86.Build.0 = Debug|Any CPU
		{0044B293-1DCC-4224-B948-00CF6DC7F510}.Release|Any CPU.ActiveCfg = Release|Any CPU
		{0044B293-1DCC-4224-B948-00CF6DC7F510}.Release|Any CPU.Build.0 = Release|Any CPU
		{0044B293-1DCC-4224-B948-00CF6DC7F510}.Release|ARM.ActiveCfg = Release|Any CPU
		{0044B293-1DCC-4224-B948-00CF6DC7F510}.Release|ARM.Build.0 = Release|Any CPU
		{0044B293-1DCC-4224-B948-00CF6DC7F510}.Release|iPhone.ActiveCfg = Release|Any CPU
		{0044B293-1DCC-4224-B948-00CF6DC7F510}.Release|iPhone.Build.0 = Release|Any CPU
		{0044B293-1DCC-4224-B948-00CF6DC7F510}.Release|iPhoneSimulator.ActiveCfg = Release|Any CPU
		{0044B293-1DCC-4224-B948-00CF6DC7F510}.Release|iPhoneSimulator.Build.0 = Release|Any CPU
		{0044B293-1DCC-4224-B948-00CF6DC7F510}.Release|x64.ActiveCfg = Release|Any CPU
		{0044B293-1DCC-4224-B948-00CF6DC7F510}.Release|x64.Build.0 = Release|Any CPU
		{0044B293-1DCC-4224-B948-00CF6DC7F510}.Release|x86.ActiveCfg = Release|Any CPU
		{0044B293-1DCC-4224-B948-00CF6DC7F510}.Release|x86.Build.0 = Release|Any CPU
		{8088F3FC-6787-45FA-A924-816EC81CBFAC}.Ad-Hoc|Any CPU.ActiveCfg = Debug|Any CPU
		{8088F3FC-6787-45FA-A924-816EC81CBFAC}.Ad-Hoc|Any CPU.Build.0 = Debug|Any CPU
		{8088F3FC-6787-45FA-A924-816EC81CBFAC}.Ad-Hoc|ARM.ActiveCfg = Debug|Any CPU
		{8088F3FC-6787-45FA-A924-816EC81CBFAC}.Ad-Hoc|ARM.Build.0 = Debug|Any CPU
		{8088F3FC-6787-45FA-A924-816EC81CBFAC}.Ad-Hoc|iPhone.ActiveCfg = Debug|Any CPU
		{8088F3FC-6787-45FA-A924-816EC81CBFAC}.Ad-Hoc|iPhone.Build.0 = Debug|Any CPU
		{8088F3FC-6787-45FA-A924-816EC81CBFAC}.Ad-Hoc|iPhoneSimulator.ActiveCfg = Debug|Any CPU
		{8088F3FC-6787-45FA-A924-816EC81CBFAC}.Ad-Hoc|iPhoneSimulator.Build.0 = Debug|Any CPU
		{8088F3FC-6787-45FA-A924-816EC81CBFAC}.Ad-Hoc|x64.ActiveCfg = Debug|Any CPU
		{8088F3FC-6787-45FA-A924-816EC81CBFAC}.Ad-Hoc|x64.Build.0 = Debug|Any CPU
		{8088F3FC-6787-45FA-A924-816EC81CBFAC}.Ad-Hoc|x86.ActiveCfg = Debug|Any CPU
		{8088F3FC-6787-45FA-A924-816EC81CBFAC}.Ad-Hoc|x86.Build.0 = Debug|Any CPU
		{8088F3FC-6787-45FA-A924-816EC81CBFAC}.AppStore|Any CPU.ActiveCfg = Debug|Any CPU
		{8088F3FC-6787-45FA-A924-816EC81CBFAC}.AppStore|Any CPU.Build.0 = Debug|Any CPU
		{8088F3FC-6787-45FA-A924-816EC81CBFAC}.AppStore|ARM.ActiveCfg = Debug|Any CPU
		{8088F3FC-6787-45FA-A924-816EC81CBFAC}.AppStore|ARM.Build.0 = Debug|Any CPU
		{8088F3FC-6787-45FA-A924-816EC81CBFAC}.AppStore|iPhone.ActiveCfg = Debug|Any CPU
		{8088F3FC-6787-45FA-A924-816EC81CBFAC}.AppStore|iPhone.Build.0 = Debug|Any CPU
		{8088F3FC-6787-45FA-A924-816EC81CBFAC}.AppStore|iPhoneSimulator.ActiveCfg = Debug|Any CPU
		{8088F3FC-6787-45FA-A924-816EC81CBFAC}.AppStore|iPhoneSimulator.Build.0 = Debug|Any CPU
		{8088F3FC-6787-45FA-A924-816EC81CBFAC}.AppStore|x64.ActiveCfg = Debug|Any CPU
		{8088F3FC-6787-45FA-A924-816EC81CBFAC}.AppStore|x64.Build.0 = Debug|Any CPU
		{8088F3FC-6787-45FA-A924-816EC81CBFAC}.AppStore|x86.ActiveCfg = Debug|Any CPU
		{8088F3FC-6787-45FA-A924-816EC81CBFAC}.AppStore|x86.Build.0 = Debug|Any CPU
		{8088F3FC-6787-45FA-A924-816EC81CBFAC}.Debug|Any CPU.ActiveCfg = Debug|Any CPU
		{8088F3FC-6787-45FA-A924-816EC81CBFAC}.Debug|Any CPU.Build.0 = Debug|Any CPU
		{8088F3FC-6787-45FA-A924-816EC81CBFAC}.Debug|ARM.ActiveCfg = Debug|Any CPU
		{8088F3FC-6787-45FA-A924-816EC81CBFAC}.Debug|ARM.Build.0 = Debug|Any CPU
		{8088F3FC-6787-45FA-A924-816EC81CBFAC}.Debug|iPhone.ActiveCfg = Debug|Any CPU
		{8088F3FC-6787-45FA-A924-816EC81CBFAC}.Debug|iPhone.Build.0 = Debug|Any CPU
		{8088F3FC-6787-45FA-A924-816EC81CBFAC}.Debug|iPhoneSimulator.ActiveCfg = Debug|Any CPU
		{8088F3FC-6787-45FA-A924-816EC81CBFAC}.Debug|iPhoneSimulator.Build.0 = Debug|Any CPU
		{8088F3FC-6787-45FA-A924-816EC81CBFAC}.Debug|x64.ActiveCfg = Debug|Any CPU
		{8088F3FC-6787-45FA-A924-816EC81CBFAC}.Debug|x64.Build.0 = Debug|Any CPU
		{8088F3FC-6787-45FA-A924-816EC81CBFAC}.Debug|x86.ActiveCfg = Debug|Any CPU
		{8088F3FC-6787-45FA-A924-816EC81CBFAC}.Debug|x86.Build.0 = Debug|Any CPU
		{8088F3FC-6787-45FA-A924-816EC81CBFAC}.Release|Any CPU.ActiveCfg = Release|Any CPU
		{8088F3FC-6787-45FA-A924-816EC81CBFAC}.Release|Any CPU.Build.0 = Release|Any CPU
		{8088F3FC-6787-45FA-A924-816EC81CBFAC}.Release|ARM.ActiveCfg = Release|Any CPU
		{8088F3FC-6787-45FA-A924-816EC81CBFAC}.Release|ARM.Build.0 = Release|Any CPU
		{8088F3FC-6787-45FA-A924-816EC81CBFAC}.Release|iPhone.ActiveCfg = Release|Any CPU
		{8088F3FC-6787-45FA-A924-816EC81CBFAC}.Release|iPhone.Build.0 = Release|Any CPU
		{8088F3FC-6787-45FA-A924-816EC81CBFAC}.Release|iPhoneSimulator.ActiveCfg = Release|Any CPU
		{8088F3FC-6787-45FA-A924-816EC81CBFAC}.Release|iPhoneSimulator.Build.0 = Release|Any CPU
		{8088F3FC-6787-45FA-A924-816EC81CBFAC}.Release|x64.ActiveCfg = Release|Any CPU
		{8088F3FC-6787-45FA-A924-816EC81CBFAC}.Release|x64.Build.0 = Release|Any CPU
		{8088F3FC-6787-45FA-A924-816EC81CBFAC}.Release|x86.ActiveCfg = Release|Any CPU
		{8088F3FC-6787-45FA-A924-816EC81CBFAC}.Release|x86.Build.0 = Release|Any CPU
		{9EE28E45-1533-472B-8267-56C48855BA0E}.Ad-Hoc|Any CPU.ActiveCfg = Debug|Any CPU
		{9EE28E45-1533-472B-8267-56C48855BA0E}.Ad-Hoc|Any CPU.Build.0 = Debug|Any CPU
		{9EE28E45-1533-472B-8267-56C48855BA0E}.Ad-Hoc|ARM.ActiveCfg = Debug|Any CPU
		{9EE28E45-1533-472B-8267-56C48855BA0E}.Ad-Hoc|ARM.Build.0 = Debug|Any CPU
		{9EE28E45-1533-472B-8267-56C48855BA0E}.Ad-Hoc|iPhone.ActiveCfg = Debug|Any CPU
		{9EE28E45-1533-472B-8267-56C48855BA0E}.Ad-Hoc|iPhone.Build.0 = Debug|Any CPU
		{9EE28E45-1533-472B-8267-56C48855BA0E}.Ad-Hoc|iPhoneSimulator.ActiveCfg = Debug|Any CPU
		{9EE28E45-1533-472B-8267-56C48855BA0E}.Ad-Hoc|iPhoneSimulator.Build.0 = Debug|Any CPU
		{9EE28E45-1533-472B-8267-56C48855BA0E}.Ad-Hoc|x64.ActiveCfg = Debug|Any CPU
		{9EE28E45-1533-472B-8267-56C48855BA0E}.Ad-Hoc|x64.Build.0 = Debug|Any CPU
		{9EE28E45-1533-472B-8267-56C48855BA0E}.Ad-Hoc|x86.ActiveCfg = Debug|Any CPU
		{9EE28E45-1533-472B-8267-56C48855BA0E}.Ad-Hoc|x86.Build.0 = Debug|Any CPU
		{9EE28E45-1533-472B-8267-56C48855BA0E}.AppStore|Any CPU.ActiveCfg = Debug|Any CPU
		{9EE28E45-1533-472B-8267-56C48855BA0E}.AppStore|Any CPU.Build.0 = Debug|Any CPU
		{9EE28E45-1533-472B-8267-56C48855BA0E}.AppStore|ARM.ActiveCfg = Debug|Any CPU
		{9EE28E45-1533-472B-8267-56C48855BA0E}.AppStore|ARM.Build.0 = Debug|Any CPU
		{9EE28E45-1533-472B-8267-56C48855BA0E}.AppStore|iPhone.ActiveCfg = Debug|Any CPU
		{9EE28E45-1533-472B-8267-56C48855BA0E}.AppStore|iPhone.Build.0 = Debug|Any CPU
		{9EE28E45-1533-472B-8267-56C48855BA0E}.AppStore|iPhoneSimulator.ActiveCfg = Debug|Any CPU
		{9EE28E45-1533-472B-8267-56C48855BA0E}.AppStore|iPhoneSimulator.Build.0 = Debug|Any CPU
		{9EE28E45-1533-472B-8267-56C48855BA0E}.AppStore|x64.ActiveCfg = Debug|Any CPU
		{9EE28E45-1533-472B-8267-56C48855BA0E}.AppStore|x64.Build.0 = Debug|Any CPU
		{9EE28E45-1533-472B-8267-56C48855BA0E}.AppStore|x86.ActiveCfg = Debug|Any CPU
		{9EE28E45-1533-472B-8267-56C48855BA0E}.AppStore|x86.Build.0 = Debug|Any CPU
		{9EE28E45-1533-472B-8267-56C48855BA0E}.Debug|Any CPU.ActiveCfg = Debug|Any CPU
		{9EE28E45-1533-472B-8267-56C48855BA0E}.Debug|Any CPU.Build.0 = Debug|Any CPU
		{9EE28E45-1533-472B-8267-56C48855BA0E}.Debug|ARM.ActiveCfg = Debug|Any CPU
		{9EE28E45-1533-472B-8267-56C48855BA0E}.Debug|ARM.Build.0 = Debug|Any CPU
		{9EE28E45-1533-472B-8267-56C48855BA0E}.Debug|iPhone.ActiveCfg = Debug|Any CPU
		{9EE28E45-1533-472B-8267-56C48855BA0E}.Debug|iPhone.Build.0 = Debug|Any CPU
		{9EE28E45-1533-472B-8267-56C48855BA0E}.Debug|iPhoneSimulator.ActiveCfg = Debug|Any CPU
		{9EE28E45-1533-472B-8267-56C48855BA0E}.Debug|iPhoneSimulator.Build.0 = Debug|Any CPU
		{9EE28E45-1533-472B-8267-56C48855BA0E}.Debug|x64.ActiveCfg = Debug|Any CPU
		{9EE28E45-1533-472B-8267-56C48855BA0E}.Debug|x64.Build.0 = Debug|Any CPU
		{9EE28E45-1533-472B-8267-56C48855BA0E}.Debug|x86.ActiveCfg = Debug|Any CPU
		{9EE28E45-1533-472B-8267-56C48855BA0E}.Debug|x86.Build.0 = Debug|Any CPU
		{9EE28E45-1533-472B-8267-56C48855BA0E}.Release|Any CPU.ActiveCfg = Release|Any CPU
		{9EE28E45-1533-472B-8267-56C48855BA0E}.Release|Any CPU.Build.0 = Release|Any CPU
		{9EE28E45-1533-472B-8267-56C48855BA0E}.Release|ARM.ActiveCfg = Release|Any CPU
		{9EE28E45-1533-472B-8267-56C48855BA0E}.Release|ARM.Build.0 = Release|Any CPU
		{9EE28E45-1533-472B-8267-56C48855BA0E}.Release|iPhone.ActiveCfg = Release|Any CPU
		{9EE28E45-1533-472B-8267-56C48855BA0E}.Release|iPhone.Build.0 = Release|Any CPU
		{9EE28E45-1533-472B-8267-56C48855BA0E}.Release|iPhoneSimulator.ActiveCfg = Release|Any CPU
		{9EE28E45-1533-472B-8267-56C48855BA0E}.Release|iPhoneSimulator.Build.0 = Release|Any CPU
		{9EE28E45-1533-472B-8267-56C48855BA0E}.Release|x64.ActiveCfg = Release|Any CPU
		{9EE28E45-1533-472B-8267-56C48855BA0E}.Release|x64.Build.0 = Release|Any CPU
		{9EE28E45-1533-472B-8267-56C48855BA0E}.Release|x86.ActiveCfg = Release|Any CPU
		{9EE28E45-1533-472B-8267-56C48855BA0E}.Release|x86.Build.0 = Release|Any CPU
		{C0A7918D-B4F2-4E7F-8DE2-1E5279EF079F}.Ad-Hoc|Any CPU.ActiveCfg = Debug|Any CPU
		{C0A7918D-B4F2-4E7F-8DE2-1E5279EF079F}.Ad-Hoc|Any CPU.Build.0 = Debug|Any CPU
		{C0A7918D-B4F2-4E7F-8DE2-1E5279EF079F}.Ad-Hoc|ARM.ActiveCfg = Debug|Any CPU
		{C0A7918D-B4F2-4E7F-8DE2-1E5279EF079F}.Ad-Hoc|ARM.Build.0 = Debug|Any CPU
		{C0A7918D-B4F2-4E7F-8DE2-1E5279EF079F}.Ad-Hoc|iPhone.ActiveCfg = Debug|Any CPU
		{C0A7918D-B4F2-4E7F-8DE2-1E5279EF079F}.Ad-Hoc|iPhone.Build.0 = Debug|Any CPU
		{C0A7918D-B4F2-4E7F-8DE2-1E5279EF079F}.Ad-Hoc|iPhoneSimulator.ActiveCfg = Debug|Any CPU
		{C0A7918D-B4F2-4E7F-8DE2-1E5279EF079F}.Ad-Hoc|iPhoneSimulator.Build.0 = Debug|Any CPU
		{C0A7918D-B4F2-4E7F-8DE2-1E5279EF079F}.Ad-Hoc|x64.ActiveCfg = Debug|Any CPU
		{C0A7918D-B4F2-4E7F-8DE2-1E5279EF079F}.Ad-Hoc|x64.Build.0 = Debug|Any CPU
		{C0A7918D-B4F2-4E7F-8DE2-1E5279EF079F}.Ad-Hoc|x86.ActiveCfg = Debug|Any CPU
		{C0A7918D-B4F2-4E7F-8DE2-1E5279EF079F}.Ad-Hoc|x86.Build.0 = Debug|Any CPU
		{C0A7918D-B4F2-4E7F-8DE2-1E5279EF079F}.AppStore|Any CPU.ActiveCfg = Debug|Any CPU
		{C0A7918D-B4F2-4E7F-8DE2-1E5279EF079F}.AppStore|Any CPU.Build.0 = Debug|Any CPU
		{C0A7918D-B4F2-4E7F-8DE2-1E5279EF079F}.AppStore|ARM.ActiveCfg = Debug|Any CPU
		{C0A7918D-B4F2-4E7F-8DE2-1E5279EF079F}.AppStore|ARM.Build.0 = Debug|Any CPU
		{C0A7918D-B4F2-4E7F-8DE2-1E5279EF079F}.AppStore|iPhone.ActiveCfg = Debug|Any CPU
		{C0A7918D-B4F2-4E7F-8DE2-1E5279EF079F}.AppStore|iPhone.Build.0 = Debug|Any CPU
		{C0A7918D-B4F2-4E7F-8DE2-1E5279EF079F}.AppStore|iPhoneSimulator.ActiveCfg = Debug|Any CPU
		{C0A7918D-B4F2-4E7F-8DE2-1E5279EF079F}.AppStore|iPhoneSimulator.Build.0 = Debug|Any CPU
		{C0A7918D-B4F2-4E7F-8DE2-1E5279EF079F}.AppStore|x64.ActiveCfg = Debug|Any CPU
		{C0A7918D-B4F2-4E7F-8DE2-1E5279EF079F}.AppStore|x64.Build.0 = Debug|Any CPU
		{C0A7918D-B4F2-4E7F-8DE2-1E5279EF079F}.AppStore|x86.ActiveCfg = Debug|Any CPU
		{C0A7918D-B4F2-4E7F-8DE2-1E5279EF079F}.AppStore|x86.Build.0 = Debug|Any CPU
		{C0A7918D-B4F2-4E7F-8DE2-1E5279EF079F}.Debug|Any CPU.ActiveCfg = Debug|Any CPU
		{C0A7918D-B4F2-4E7F-8DE2-1E5279EF079F}.Debug|Any CPU.Build.0 = Debug|Any CPU
		{C0A7918D-B4F2-4E7F-8DE2-1E5279EF079F}.Debug|ARM.ActiveCfg = Debug|Any CPU
		{C0A7918D-B4F2-4E7F-8DE2-1E5279EF079F}.Debug|ARM.Build.0 = Debug|Any CPU
		{C0A7918D-B4F2-4E7F-8DE2-1E5279EF079F}.Debug|iPhone.ActiveCfg = Debug|Any CPU
		{C0A7918D-B4F2-4E7F-8DE2-1E5279EF079F}.Debug|iPhone.Build.0 = Debug|Any CPU
		{C0A7918D-B4F2-4E7F-8DE2-1E5279EF079F}.Debug|iPhoneSimulator.ActiveCfg = Debug|Any CPU
		{C0A7918D-B4F2-4E7F-8DE2-1E5279EF079F}.Debug|iPhoneSimulator.Build.0 = Debug|Any CPU
		{C0A7918D-B4F2-4E7F-8DE2-1E5279EF079F}.Debug|x64.ActiveCfg = Debug|Any CPU
		{C0A7918D-B4F2-4E7F-8DE2-1E5279EF079F}.Debug|x64.Build.0 = Debug|Any CPU
		{C0A7918D-B4F2-4E7F-8DE2-1E5279EF079F}.Debug|x86.ActiveCfg = Debug|Any CPU
		{C0A7918D-B4F2-4E7F-8DE2-1E5279EF079F}.Debug|x86.Build.0 = Debug|Any CPU
		{C0A7918D-B4F2-4E7F-8DE2-1E5279EF079F}.Release|Any CPU.ActiveCfg = Release|Any CPU
		{C0A7918D-B4F2-4E7F-8DE2-1E5279EF079F}.Release|Any CPU.Build.0 = Release|Any CPU
		{C0A7918D-B4F2-4E7F-8DE2-1E5279EF079F}.Release|ARM.ActiveCfg = Release|Any CPU
		{C0A7918D-B4F2-4E7F-8DE2-1E5279EF079F}.Release|ARM.Build.0 = Release|Any CPU
		{C0A7918D-B4F2-4E7F-8DE2-1E5279EF079F}.Release|iPhone.ActiveCfg = Release|Any CPU
		{C0A7918D-B4F2-4E7F-8DE2-1E5279EF079F}.Release|iPhone.Build.0 = Release|Any CPU
		{C0A7918D-B4F2-4E7F-8DE2-1E5279EF079F}.Release|iPhoneSimulator.ActiveCfg = Release|Any CPU
		{C0A7918D-B4F2-4E7F-8DE2-1E5279EF079F}.Release|iPhoneSimulator.Build.0 = Release|Any CPU
		{C0A7918D-B4F2-4E7F-8DE2-1E5279EF079F}.Release|x64.ActiveCfg = Release|Any CPU
		{C0A7918D-B4F2-4E7F-8DE2-1E5279EF079F}.Release|x64.Build.0 = Release|Any CPU
		{C0A7918D-B4F2-4E7F-8DE2-1E5279EF079F}.Release|x86.ActiveCfg = Release|Any CPU
		{C0A7918D-B4F2-4E7F-8DE2-1E5279EF079F}.Release|x86.Build.0 = Release|Any CPU
		{15F4B3AA-89B6-4A0D-9051-414305974781}.Ad-Hoc|Any CPU.ActiveCfg = Debug|Any CPU
		{15F4B3AA-89B6-4A0D-9051-414305974781}.Ad-Hoc|Any CPU.Build.0 = Debug|Any CPU
		{15F4B3AA-89B6-4A0D-9051-414305974781}.Ad-Hoc|ARM.ActiveCfg = Debug|Any CPU
		{15F4B3AA-89B6-4A0D-9051-414305974781}.Ad-Hoc|ARM.Build.0 = Debug|Any CPU
		{15F4B3AA-89B6-4A0D-9051-414305974781}.Ad-Hoc|iPhone.ActiveCfg = Debug|Any CPU
		{15F4B3AA-89B6-4A0D-9051-414305974781}.Ad-Hoc|iPhone.Build.0 = Debug|Any CPU
		{15F4B3AA-89B6-4A0D-9051-414305974781}.Ad-Hoc|iPhoneSimulator.ActiveCfg = Debug|Any CPU
		{15F4B3AA-89B6-4A0D-9051-414305974781}.Ad-Hoc|iPhoneSimulator.Build.0 = Debug|Any CPU
		{15F4B3AA-89B6-4A0D-9051-414305974781}.Ad-Hoc|x64.ActiveCfg = Debug|Any CPU
		{15F4B3AA-89B6-4A0D-9051-414305974781}.Ad-Hoc|x64.Build.0 = Debug|Any CPU
		{15F4B3AA-89B6-4A0D-9051-414305974781}.Ad-Hoc|x86.ActiveCfg = Debug|Any CPU
		{15F4B3AA-89B6-4A0D-9051-414305974781}.Ad-Hoc|x86.Build.0 = Debug|Any CPU
		{15F4B3AA-89B6-4A0D-9051-414305974781}.AppStore|Any CPU.ActiveCfg = Debug|Any CPU
		{15F4B3AA-89B6-4A0D-9051-414305974781}.AppStore|Any CPU.Build.0 = Debug|Any CPU
		{15F4B3AA-89B6-4A0D-9051-414305974781}.AppStore|ARM.ActiveCfg = Debug|Any CPU
		{15F4B3AA-89B6-4A0D-9051-414305974781}.AppStore|ARM.Build.0 = Debug|Any CPU
		{15F4B3AA-89B6-4A0D-9051-414305974781}.AppStore|iPhone.ActiveCfg = Debug|Any CPU
		{15F4B3AA-89B6-4A0D-9051-414305974781}.AppStore|iPhone.Build.0 = Debug|Any CPU
		{15F4B3AA-89B6-4A0D-9051-414305974781}.AppStore|iPhoneSimulator.ActiveCfg = Debug|Any CPU
		{15F4B3AA-89B6-4A0D-9051-414305974781}.AppStore|iPhoneSimulator.Build.0 = Debug|Any CPU
		{15F4B3AA-89B6-4A0D-9051-414305974781}.AppStore|x64.ActiveCfg = Debug|Any CPU
		{15F4B3AA-89B6-4A0D-9051-414305974781}.AppStore|x64.Build.0 = Debug|Any CPU
		{15F4B3AA-89B6-4A0D-9051-414305974781}.AppStore|x86.ActiveCfg = Debug|Any CPU
		{15F4B3AA-89B6-4A0D-9051-414305974781}.AppStore|x86.Build.0 = Debug|Any CPU
		{15F4B3AA-89B6-4A0D-9051-414305974781}.Debug|Any CPU.ActiveCfg = Debug|Any CPU
		{15F4B3AA-89B6-4A0D-9051-414305974781}.Debug|Any CPU.Build.0 = Debug|Any CPU
		{15F4B3AA-89B6-4A0D-9051-414305974781}.Debug|ARM.ActiveCfg = Debug|Any CPU
		{15F4B3AA-89B6-4A0D-9051-414305974781}.Debug|ARM.Build.0 = Debug|Any CPU
		{15F4B3AA-89B6-4A0D-9051-414305974781}.Debug|iPhone.ActiveCfg = Debug|Any CPU
		{15F4B3AA-89B6-4A0D-9051-414305974781}.Debug|iPhone.Build.0 = Debug|Any CPU
		{15F4B3AA-89B6-4A0D-9051-414305974781}.Debug|iPhoneSimulator.ActiveCfg = Debug|Any CPU
		{15F4B3AA-89B6-4A0D-9051-414305974781}.Debug|iPhoneSimulator.Build.0 = Debug|Any CPU
		{15F4B3AA-89B6-4A0D-9051-414305974781}.Debug|x64.ActiveCfg = Debug|Any CPU
		{15F4B3AA-89B6-4A0D-9051-414305974781}.Debug|x64.Build.0 = Debug|Any CPU
		{15F4B3AA-89B6-4A0D-9051-414305974781}.Debug|x86.ActiveCfg = Debug|Any CPU
		{15F4B3AA-89B6-4A0D-9051-414305974781}.Debug|x86.Build.0 = Debug|Any CPU
		{15F4B3AA-89B6-4A0D-9051-414305974781}.Release|Any CPU.ActiveCfg = Release|Any CPU
		{15F4B3AA-89B6-4A0D-9051-414305974781}.Release|Any CPU.Build.0 = Release|Any CPU
		{15F4B3AA-89B6-4A0D-9051-414305974781}.Release|ARM.ActiveCfg = Release|Any CPU
		{15F4B3AA-89B6-4A0D-9051-414305974781}.Release|ARM.Build.0 = Release|Any CPU
		{15F4B3AA-89B6-4A0D-9051-414305974781}.Release|iPhone.ActiveCfg = Release|Any CPU
		{15F4B3AA-89B6-4A0D-9051-414305974781}.Release|iPhone.Build.0 = Release|Any CPU
		{15F4B3AA-89B6-4A0D-9051-414305974781}.Release|iPhoneSimulator.ActiveCfg = Release|Any CPU
		{15F4B3AA-89B6-4A0D-9051-414305974781}.Release|iPhoneSimulator.Build.0 = Release|Any CPU
		{15F4B3AA-89B6-4A0D-9051-414305974781}.Release|x64.ActiveCfg = Release|Any CPU
		{15F4B3AA-89B6-4A0D-9051-414305974781}.Release|x64.Build.0 = Release|Any CPU
		{15F4B3AA-89B6-4A0D-9051-414305974781}.Release|x86.ActiveCfg = Release|Any CPU
		{15F4B3AA-89B6-4A0D-9051-414305974781}.Release|x86.Build.0 = Release|Any CPU
		{1BD3003B-B486-49AB-9DE9-44B185BCD6E4}.Ad-Hoc|Any CPU.ActiveCfg = Debug|Any CPU
		{1BD3003B-B486-49AB-9DE9-44B185BCD6E4}.Ad-Hoc|Any CPU.Build.0 = Debug|Any CPU
		{1BD3003B-B486-49AB-9DE9-44B185BCD6E4}.Ad-Hoc|ARM.ActiveCfg = Debug|Any CPU
		{1BD3003B-B486-49AB-9DE9-44B185BCD6E4}.Ad-Hoc|ARM.Build.0 = Debug|Any CPU
		{1BD3003B-B486-49AB-9DE9-44B185BCD6E4}.Ad-Hoc|iPhone.ActiveCfg = Debug|Any CPU
		{1BD3003B-B486-49AB-9DE9-44B185BCD6E4}.Ad-Hoc|iPhone.Build.0 = Debug|Any CPU
		{1BD3003B-B486-49AB-9DE9-44B185BCD6E4}.Ad-Hoc|iPhoneSimulator.ActiveCfg = Debug|Any CPU
		{1BD3003B-B486-49AB-9DE9-44B185BCD6E4}.Ad-Hoc|iPhoneSimulator.Build.0 = Debug|Any CPU
		{1BD3003B-B486-49AB-9DE9-44B185BCD6E4}.Ad-Hoc|x64.ActiveCfg = Debug|Any CPU
		{1BD3003B-B486-49AB-9DE9-44B185BCD6E4}.Ad-Hoc|x64.Build.0 = Debug|Any CPU
		{1BD3003B-B486-49AB-9DE9-44B185BCD6E4}.Ad-Hoc|x86.ActiveCfg = Debug|Any CPU
		{1BD3003B-B486-49AB-9DE9-44B185BCD6E4}.Ad-Hoc|x86.Build.0 = Debug|Any CPU
		{1BD3003B-B486-49AB-9DE9-44B185BCD6E4}.AppStore|Any CPU.ActiveCfg = Debug|Any CPU
		{1BD3003B-B486-49AB-9DE9-44B185BCD6E4}.AppStore|Any CPU.Build.0 = Debug|Any CPU
		{1BD3003B-B486-49AB-9DE9-44B185BCD6E4}.AppStore|ARM.ActiveCfg = Debug|Any CPU
		{1BD3003B-B486-49AB-9DE9-44B185BCD6E4}.AppStore|ARM.Build.0 = Debug|Any CPU
		{1BD3003B-B486-49AB-9DE9-44B185BCD6E4}.AppStore|iPhone.ActiveCfg = Debug|Any CPU
		{1BD3003B-B486-49AB-9DE9-44B185BCD6E4}.AppStore|iPhone.Build.0 = Debug|Any CPU
		{1BD3003B-B486-49AB-9DE9-44B185BCD6E4}.AppStore|iPhoneSimulator.ActiveCfg = Debug|Any CPU
		{1BD3003B-B486-49AB-9DE9-44B185BCD6E4}.AppStore|iPhoneSimulator.Build.0 = Debug|Any CPU
		{1BD3003B-B486-49AB-9DE9-44B185BCD6E4}.AppStore|x64.ActiveCfg = Debug|Any CPU
		{1BD3003B-B486-49AB-9DE9-44B185BCD6E4}.AppStore|x64.Build.0 = Debug|Any CPU
		{1BD3003B-B486-49AB-9DE9-44B185BCD6E4}.AppStore|x86.ActiveCfg = Debug|Any CPU
		{1BD3003B-B486-49AB-9DE9-44B185BCD6E4}.AppStore|x86.Build.0 = Debug|Any CPU
		{1BD3003B-B486-49AB-9DE9-44B185BCD6E4}.Debug|Any CPU.ActiveCfg = Debug|Any CPU
		{1BD3003B-B486-49AB-9DE9-44B185BCD6E4}.Debug|Any CPU.Build.0 = Debug|Any CPU
		{1BD3003B-B486-49AB-9DE9-44B185BCD6E4}.Debug|ARM.ActiveCfg = Debug|Any CPU
		{1BD3003B-B486-49AB-9DE9-44B185BCD6E4}.Debug|ARM.Build.0 = Debug|Any CPU
		{1BD3003B-B486-49AB-9DE9-44B185BCD6E4}.Debug|iPhone.ActiveCfg = Debug|Any CPU
		{1BD3003B-B486-49AB-9DE9-44B185BCD6E4}.Debug|iPhone.Build.0 = Debug|Any CPU
		{1BD3003B-B486-49AB-9DE9-44B185BCD6E4}.Debug|iPhoneSimulator.ActiveCfg = Debug|Any CPU
		{1BD3003B-B486-49AB-9DE9-44B185BCD6E4}.Debug|iPhoneSimulator.Build.0 = Debug|Any CPU
		{1BD3003B-B486-49AB-9DE9-44B185BCD6E4}.Debug|x64.ActiveCfg = Debug|Any CPU
		{1BD3003B-B486-49AB-9DE9-44B185BCD6E4}.Debug|x64.Build.0 = Debug|Any CPU
		{1BD3003B-B486-49AB-9DE9-44B185BCD6E4}.Debug|x86.ActiveCfg = Debug|Any CPU
		{1BD3003B-B486-49AB-9DE9-44B185BCD6E4}.Debug|x86.Build.0 = Debug|Any CPU
		{1BD3003B-B486-49AB-9DE9-44B185BCD6E4}.Release|Any CPU.ActiveCfg = Release|Any CPU
		{1BD3003B-B486-49AB-9DE9-44B185BCD6E4}.Release|Any CPU.Build.0 = Release|Any CPU
		{1BD3003B-B486-49AB-9DE9-44B185BCD6E4}.Release|ARM.ActiveCfg = Release|Any CPU
		{1BD3003B-B486-49AB-9DE9-44B185BCD6E4}.Release|ARM.Build.0 = Release|Any CPU
		{1BD3003B-B486-49AB-9DE9-44B185BCD6E4}.Release|iPhone.ActiveCfg = Release|Any CPU
		{1BD3003B-B486-49AB-9DE9-44B185BCD6E4}.Release|iPhone.Build.0 = Release|Any CPU
		{1BD3003B-B486-49AB-9DE9-44B185BCD6E4}.Release|iPhoneSimulator.ActiveCfg = Release|Any CPU
		{1BD3003B-B486-49AB-9DE9-44B185BCD6E4}.Release|iPhoneSimulator.Build.0 = Release|Any CPU
		{1BD3003B-B486-49AB-9DE9-44B185BCD6E4}.Release|x64.ActiveCfg = Release|Any CPU
		{1BD3003B-B486-49AB-9DE9-44B185BCD6E4}.Release|x64.Build.0 = Release|Any CPU
		{1BD3003B-B486-49AB-9DE9-44B185BCD6E4}.Release|x86.ActiveCfg = Release|Any CPU
		{1BD3003B-B486-49AB-9DE9-44B185BCD6E4}.Release|x86.Build.0 = Release|Any CPU
		{2D1BC449-784C-4A67-AF8A-3D6D7563C405}.Ad-Hoc|Any CPU.ActiveCfg = Debug|Any CPU
		{2D1BC449-784C-4A67-AF8A-3D6D7563C405}.Ad-Hoc|Any CPU.Build.0 = Debug|Any CPU
		{2D1BC449-784C-4A67-AF8A-3D6D7563C405}.Ad-Hoc|ARM.ActiveCfg = Debug|Any CPU
		{2D1BC449-784C-4A67-AF8A-3D6D7563C405}.Ad-Hoc|ARM.Build.0 = Debug|Any CPU
		{2D1BC449-784C-4A67-AF8A-3D6D7563C405}.Ad-Hoc|iPhone.ActiveCfg = Debug|Any CPU
		{2D1BC449-784C-4A67-AF8A-3D6D7563C405}.Ad-Hoc|iPhone.Build.0 = Debug|Any CPU
		{2D1BC449-784C-4A67-AF8A-3D6D7563C405}.Ad-Hoc|iPhoneSimulator.ActiveCfg = Debug|Any CPU
		{2D1BC449-784C-4A67-AF8A-3D6D7563C405}.Ad-Hoc|iPhoneSimulator.Build.0 = Debug|Any CPU
		{2D1BC449-784C-4A67-AF8A-3D6D7563C405}.Ad-Hoc|x64.ActiveCfg = Debug|Any CPU
		{2D1BC449-784C-4A67-AF8A-3D6D7563C405}.Ad-Hoc|x64.Build.0 = Debug|Any CPU
		{2D1BC449-784C-4A67-AF8A-3D6D7563C405}.Ad-Hoc|x86.ActiveCfg = Debug|Any CPU
		{2D1BC449-784C-4A67-AF8A-3D6D7563C405}.Ad-Hoc|x86.Build.0 = Debug|Any CPU
		{2D1BC449-784C-4A67-AF8A-3D6D7563C405}.AppStore|Any CPU.ActiveCfg = Debug|Any CPU
		{2D1BC449-784C-4A67-AF8A-3D6D7563C405}.AppStore|Any CPU.Build.0 = Debug|Any CPU
		{2D1BC449-784C-4A67-AF8A-3D6D7563C405}.AppStore|ARM.ActiveCfg = Debug|Any CPU
		{2D1BC449-784C-4A67-AF8A-3D6D7563C405}.AppStore|ARM.Build.0 = Debug|Any CPU
		{2D1BC449-784C-4A67-AF8A-3D6D7563C405}.AppStore|iPhone.ActiveCfg = Debug|Any CPU
		{2D1BC449-784C-4A67-AF8A-3D6D7563C405}.AppStore|iPhone.Build.0 = Debug|Any CPU
		{2D1BC449-784C-4A67-AF8A-3D6D7563C405}.AppStore|iPhoneSimulator.ActiveCfg = Debug|Any CPU
		{2D1BC449-784C-4A67-AF8A-3D6D7563C405}.AppStore|iPhoneSimulator.Build.0 = Debug|Any CPU
		{2D1BC449-784C-4A67-AF8A-3D6D7563C405}.AppStore|x64.ActiveCfg = Debug|Any CPU
		{2D1BC449-784C-4A67-AF8A-3D6D7563C405}.AppStore|x64.Build.0 = Debug|Any CPU
		{2D1BC449-784C-4A67-AF8A-3D6D7563C405}.AppStore|x86.ActiveCfg = Debug|Any CPU
		{2D1BC449-784C-4A67-AF8A-3D6D7563C405}.AppStore|x86.Build.0 = Debug|Any CPU
		{2D1BC449-784C-4A67-AF8A-3D6D7563C405}.Debug|Any CPU.ActiveCfg = Debug|Any CPU
		{2D1BC449-784C-4A67-AF8A-3D6D7563C405}.Debug|Any CPU.Build.0 = Debug|Any CPU
		{2D1BC449-784C-4A67-AF8A-3D6D7563C405}.Debug|ARM.ActiveCfg = Debug|Any CPU
		{2D1BC449-784C-4A67-AF8A-3D6D7563C405}.Debug|ARM.Build.0 = Debug|Any CPU
		{2D1BC449-784C-4A67-AF8A-3D6D7563C405}.Debug|iPhone.ActiveCfg = Debug|Any CPU
		{2D1BC449-784C-4A67-AF8A-3D6D7563C405}.Debug|iPhone.Build.0 = Debug|Any CPU
		{2D1BC449-784C-4A67-AF8A-3D6D7563C405}.Debug|iPhoneSimulator.ActiveCfg = Debug|Any CPU
		{2D1BC449-784C-4A67-AF8A-3D6D7563C405}.Debug|iPhoneSimulator.Build.0 = Debug|Any CPU
		{2D1BC449-784C-4A67-AF8A-3D6D7563C405}.Debug|x64.ActiveCfg = Debug|Any CPU
		{2D1BC449-784C-4A67-AF8A-3D6D7563C405}.Debug|x64.Build.0 = Debug|Any CPU
		{2D1BC449-784C-4A67-AF8A-3D6D7563C405}.Debug|x86.ActiveCfg = Debug|Any CPU
		{2D1BC449-784C-4A67-AF8A-3D6D7563C405}.Debug|x86.Build.0 = Debug|Any CPU
		{2D1BC449-784C-4A67-AF8A-3D6D7563C405}.Release|Any CPU.ActiveCfg = Release|Any CPU
		{2D1BC449-784C-4A67-AF8A-3D6D7563C405}.Release|Any CPU.Build.0 = Release|Any CPU
		{2D1BC449-784C-4A67-AF8A-3D6D7563C405}.Release|ARM.ActiveCfg = Release|Any CPU
		{2D1BC449-784C-4A67-AF8A-3D6D7563C405}.Release|ARM.Build.0 = Release|Any CPU
		{2D1BC449-784C-4A67-AF8A-3D6D7563C405}.Release|iPhone.ActiveCfg = Release|Any CPU
		{2D1BC449-784C-4A67-AF8A-3D6D7563C405}.Release|iPhone.Build.0 = Release|Any CPU
		{2D1BC449-784C-4A67-AF8A-3D6D7563C405}.Release|iPhoneSimulator.ActiveCfg = Release|Any CPU
		{2D1BC449-784C-4A67-AF8A-3D6D7563C405}.Release|iPhoneSimulator.Build.0 = Release|Any CPU
		{2D1BC449-784C-4A67-AF8A-3D6D7563C405}.Release|x64.ActiveCfg = Release|Any CPU
		{2D1BC449-784C-4A67-AF8A-3D6D7563C405}.Release|x64.Build.0 = Release|Any CPU
		{2D1BC449-784C-4A67-AF8A-3D6D7563C405}.Release|x86.ActiveCfg = Release|Any CPU
		{2D1BC449-784C-4A67-AF8A-3D6D7563C405}.Release|x86.Build.0 = Release|Any CPU
		{E8435B58-4A4F-479E-9515-703022984759}.Ad-Hoc|Any CPU.ActiveCfg = Debug|Any CPU
		{E8435B58-4A4F-479E-9515-703022984759}.Ad-Hoc|Any CPU.Build.0 = Debug|Any CPU
		{E8435B58-4A4F-479E-9515-703022984759}.Ad-Hoc|ARM.ActiveCfg = Debug|Any CPU
		{E8435B58-4A4F-479E-9515-703022984759}.Ad-Hoc|ARM.Build.0 = Debug|Any CPU
		{E8435B58-4A4F-479E-9515-703022984759}.Ad-Hoc|iPhone.ActiveCfg = Debug|Any CPU
		{E8435B58-4A4F-479E-9515-703022984759}.Ad-Hoc|iPhone.Build.0 = Debug|Any CPU
		{E8435B58-4A4F-479E-9515-703022984759}.Ad-Hoc|iPhoneSimulator.ActiveCfg = Debug|Any CPU
		{E8435B58-4A4F-479E-9515-703022984759}.Ad-Hoc|iPhoneSimulator.Build.0 = Debug|Any CPU
		{E8435B58-4A4F-479E-9515-703022984759}.Ad-Hoc|x64.ActiveCfg = Debug|Any CPU
		{E8435B58-4A4F-479E-9515-703022984759}.Ad-Hoc|x64.Build.0 = Debug|Any CPU
		{E8435B58-4A4F-479E-9515-703022984759}.Ad-Hoc|x86.ActiveCfg = Debug|Any CPU
		{E8435B58-4A4F-479E-9515-703022984759}.Ad-Hoc|x86.Build.0 = Debug|Any CPU
		{E8435B58-4A4F-479E-9515-703022984759}.AppStore|Any CPU.ActiveCfg = Debug|Any CPU
		{E8435B58-4A4F-479E-9515-703022984759}.AppStore|Any CPU.Build.0 = Debug|Any CPU
		{E8435B58-4A4F-479E-9515-703022984759}.AppStore|ARM.ActiveCfg = Debug|Any CPU
		{E8435B58-4A4F-479E-9515-703022984759}.AppStore|ARM.Build.0 = Debug|Any CPU
		{E8435B58-4A4F-479E-9515-703022984759}.AppStore|iPhone.ActiveCfg = Debug|Any CPU
		{E8435B58-4A4F-479E-9515-703022984759}.AppStore|iPhone.Build.0 = Debug|Any CPU
		{E8435B58-4A4F-479E-9515-703022984759}.AppStore|iPhoneSimulator.ActiveCfg = Debug|Any CPU
		{E8435B58-4A4F-479E-9515-703022984759}.AppStore|iPhoneSimulator.Build.0 = Debug|Any CPU
		{E8435B58-4A4F-479E-9515-703022984759}.AppStore|x64.ActiveCfg = Debug|Any CPU
		{E8435B58-4A4F-479E-9515-703022984759}.AppStore|x64.Build.0 = Debug|Any CPU
		{E8435B58-4A4F-479E-9515-703022984759}.AppStore|x86.ActiveCfg = Debug|Any CPU
		{E8435B58-4A4F-479E-9515-703022984759}.AppStore|x86.Build.0 = Debug|Any CPU
		{E8435B58-4A4F-479E-9515-703022984759}.Debug|Any CPU.ActiveCfg = Debug|Any CPU
		{E8435B58-4A4F-479E-9515-703022984759}.Debug|Any CPU.Build.0 = Debug|Any CPU
		{E8435B58-4A4F-479E-9515-703022984759}.Debug|ARM.ActiveCfg = Debug|Any CPU
		{E8435B58-4A4F-479E-9515-703022984759}.Debug|ARM.Build.0 = Debug|Any CPU
		{E8435B58-4A4F-479E-9515-703022984759}.Debug|iPhone.ActiveCfg = Debug|Any CPU
		{E8435B58-4A4F-479E-9515-703022984759}.Debug|iPhone.Build.0 = Debug|Any CPU
		{E8435B58-4A4F-479E-9515-703022984759}.Debug|iPhoneSimulator.ActiveCfg = Debug|Any CPU
		{E8435B58-4A4F-479E-9515-703022984759}.Debug|iPhoneSimulator.Build.0 = Debug|Any CPU
		{E8435B58-4A4F-479E-9515-703022984759}.Debug|x64.ActiveCfg = Debug|Any CPU
		{E8435B58-4A4F-479E-9515-703022984759}.Debug|x64.Build.0 = Debug|Any CPU
		{E8435B58-4A4F-479E-9515-703022984759}.Debug|x86.ActiveCfg = Debug|Any CPU
		{E8435B58-4A4F-479E-9515-703022984759}.Debug|x86.Build.0 = Debug|Any CPU
		{E8435B58-4A4F-479E-9515-703022984759}.Release|Any CPU.ActiveCfg = Release|Any CPU
		{E8435B58-4A4F-479E-9515-703022984759}.Release|Any CPU.Build.0 = Release|Any CPU
		{E8435B58-4A4F-479E-9515-703022984759}.Release|ARM.ActiveCfg = Release|Any CPU
		{E8435B58-4A4F-479E-9515-703022984759}.Release|ARM.Build.0 = Release|Any CPU
		{E8435B58-4A4F-479E-9515-703022984759}.Release|iPhone.ActiveCfg = Release|Any CPU
		{E8435B58-4A4F-479E-9515-703022984759}.Release|iPhone.Build.0 = Release|Any CPU
		{E8435B58-4A4F-479E-9515-703022984759}.Release|iPhoneSimulator.ActiveCfg = Release|Any CPU
		{E8435B58-4A4F-479E-9515-703022984759}.Release|iPhoneSimulator.Build.0 = Release|Any CPU
		{E8435B58-4A4F-479E-9515-703022984759}.Release|x64.ActiveCfg = Release|Any CPU
		{E8435B58-4A4F-479E-9515-703022984759}.Release|x64.Build.0 = Release|Any CPU
		{E8435B58-4A4F-479E-9515-703022984759}.Release|x86.ActiveCfg = Release|Any CPU
		{E8435B58-4A4F-479E-9515-703022984759}.Release|x86.Build.0 = Release|Any CPU
		{3246C050-95F1-4824-909F-3033A296D912}.Ad-Hoc|Any CPU.ActiveCfg = Debug|Any CPU
		{3246C050-95F1-4824-909F-3033A296D912}.Ad-Hoc|Any CPU.Build.0 = Debug|Any CPU
		{3246C050-95F1-4824-909F-3033A296D912}.Ad-Hoc|ARM.ActiveCfg = Debug|Any CPU
		{3246C050-95F1-4824-909F-3033A296D912}.Ad-Hoc|ARM.Build.0 = Debug|Any CPU
		{3246C050-95F1-4824-909F-3033A296D912}.Ad-Hoc|iPhone.ActiveCfg = Debug|Any CPU
		{3246C050-95F1-4824-909F-3033A296D912}.Ad-Hoc|iPhone.Build.0 = Debug|Any CPU
		{3246C050-95F1-4824-909F-3033A296D912}.Ad-Hoc|iPhoneSimulator.ActiveCfg = Debug|Any CPU
		{3246C050-95F1-4824-909F-3033A296D912}.Ad-Hoc|iPhoneSimulator.Build.0 = Debug|Any CPU
		{3246C050-95F1-4824-909F-3033A296D912}.Ad-Hoc|x64.ActiveCfg = Debug|Any CPU
		{3246C050-95F1-4824-909F-3033A296D912}.Ad-Hoc|x64.Build.0 = Debug|Any CPU
		{3246C050-95F1-4824-909F-3033A296D912}.Ad-Hoc|x86.ActiveCfg = Debug|Any CPU
		{3246C050-95F1-4824-909F-3033A296D912}.Ad-Hoc|x86.Build.0 = Debug|Any CPU
		{3246C050-95F1-4824-909F-3033A296D912}.AppStore|Any CPU.ActiveCfg = Debug|Any CPU
		{3246C050-95F1-4824-909F-3033A296D912}.AppStore|Any CPU.Build.0 = Debug|Any CPU
		{3246C050-95F1-4824-909F-3033A296D912}.AppStore|ARM.ActiveCfg = Debug|Any CPU
		{3246C050-95F1-4824-909F-3033A296D912}.AppStore|ARM.Build.0 = Debug|Any CPU
		{3246C050-95F1-4824-909F-3033A296D912}.AppStore|iPhone.ActiveCfg = Debug|Any CPU
		{3246C050-95F1-4824-909F-3033A296D912}.AppStore|iPhone.Build.0 = Debug|Any CPU
		{3246C050-95F1-4824-909F-3033A296D912}.AppStore|iPhoneSimulator.ActiveCfg = Debug|Any CPU
		{3246C050-95F1-4824-909F-3033A296D912}.AppStore|iPhoneSimulator.Build.0 = Debug|Any CPU
		{3246C050-95F1-4824-909F-3033A296D912}.AppStore|x64.ActiveCfg = Debug|Any CPU
		{3246C050-95F1-4824-909F-3033A296D912}.AppStore|x64.Build.0 = Debug|Any CPU
		{3246C050-95F1-4824-909F-3033A296D912}.AppStore|x86.ActiveCfg = Debug|Any CPU
		{3246C050-95F1-4824-909F-3033A296D912}.AppStore|x86.Build.0 = Debug|Any CPU
		{3246C050-95F1-4824-909F-3033A296D912}.Debug|Any CPU.ActiveCfg = Debug|Any CPU
		{3246C050-95F1-4824-909F-3033A296D912}.Debug|Any CPU.Build.0 = Debug|Any CPU
		{3246C050-95F1-4824-909F-3033A296D912}.Debug|ARM.ActiveCfg = Debug|Any CPU
		{3246C050-95F1-4824-909F-3033A296D912}.Debug|ARM.Build.0 = Debug|Any CPU
		{3246C050-95F1-4824-909F-3033A296D912}.Debug|iPhone.ActiveCfg = Debug|Any CPU
		{3246C050-95F1-4824-909F-3033A296D912}.Debug|iPhone.Build.0 = Debug|Any CPU
		{3246C050-95F1-4824-909F-3033A296D912}.Debug|iPhoneSimulator.ActiveCfg = Debug|Any CPU
		{3246C050-95F1-4824-909F-3033A296D912}.Debug|iPhoneSimulator.Build.0 = Debug|Any CPU
		{3246C050-95F1-4824-909F-3033A296D912}.Debug|x64.ActiveCfg = Debug|Any CPU
		{3246C050-95F1-4824-909F-3033A296D912}.Debug|x64.Build.0 = Debug|Any CPU
		{3246C050-95F1-4824-909F-3033A296D912}.Debug|x86.ActiveCfg = Debug|Any CPU
		{3246C050-95F1-4824-909F-3033A296D912}.Debug|x86.Build.0 = Debug|Any CPU
		{3246C050-95F1-4824-909F-3033A296D912}.Release|Any CPU.ActiveCfg = Release|Any CPU
		{3246C050-95F1-4824-909F-3033A296D912}.Release|Any CPU.Build.0 = Release|Any CPU
		{3246C050-95F1-4824-909F-3033A296D912}.Release|ARM.ActiveCfg = Release|Any CPU
		{3246C050-95F1-4824-909F-3033A296D912}.Release|ARM.Build.0 = Release|Any CPU
		{3246C050-95F1-4824-909F-3033A296D912}.Release|iPhone.ActiveCfg = Release|Any CPU
		{3246C050-95F1-4824-909F-3033A296D912}.Release|iPhone.Build.0 = Release|Any CPU
		{3246C050-95F1-4824-909F-3033A296D912}.Release|iPhoneSimulator.ActiveCfg = Release|Any CPU
		{3246C050-95F1-4824-909F-3033A296D912}.Release|iPhoneSimulator.Build.0 = Release|Any CPU
		{3246C050-95F1-4824-909F-3033A296D912}.Release|x64.ActiveCfg = Release|Any CPU
		{3246C050-95F1-4824-909F-3033A296D912}.Release|x64.Build.0 = Release|Any CPU
		{3246C050-95F1-4824-909F-3033A296D912}.Release|x86.ActiveCfg = Release|Any CPU
		{3246C050-95F1-4824-909F-3033A296D912}.Release|x86.Build.0 = Release|Any CPU
		{5C1C2EC9-3D1E-418D-A340-1114027A3964}.Ad-Hoc|Any CPU.ActiveCfg = Debug|Any CPU
		{5C1C2EC9-3D1E-418D-A340-1114027A3964}.Ad-Hoc|Any CPU.Build.0 = Debug|Any CPU
		{5C1C2EC9-3D1E-418D-A340-1114027A3964}.Ad-Hoc|ARM.ActiveCfg = Debug|Any CPU
		{5C1C2EC9-3D1E-418D-A340-1114027A3964}.Ad-Hoc|ARM.Build.0 = Debug|Any CPU
		{5C1C2EC9-3D1E-418D-A340-1114027A3964}.Ad-Hoc|iPhone.ActiveCfg = Debug|Any CPU
		{5C1C2EC9-3D1E-418D-A340-1114027A3964}.Ad-Hoc|iPhone.Build.0 = Debug|Any CPU
		{5C1C2EC9-3D1E-418D-A340-1114027A3964}.Ad-Hoc|iPhoneSimulator.ActiveCfg = Debug|Any CPU
		{5C1C2EC9-3D1E-418D-A340-1114027A3964}.Ad-Hoc|iPhoneSimulator.Build.0 = Debug|Any CPU
		{5C1C2EC9-3D1E-418D-A340-1114027A3964}.Ad-Hoc|x64.ActiveCfg = Debug|Any CPU
		{5C1C2EC9-3D1E-418D-A340-1114027A3964}.Ad-Hoc|x64.Build.0 = Debug|Any CPU
		{5C1C2EC9-3D1E-418D-A340-1114027A3964}.Ad-Hoc|x86.ActiveCfg = Debug|Any CPU
		{5C1C2EC9-3D1E-418D-A340-1114027A3964}.Ad-Hoc|x86.Build.0 = Debug|Any CPU
		{5C1C2EC9-3D1E-418D-A340-1114027A3964}.AppStore|Any CPU.ActiveCfg = Debug|Any CPU
		{5C1C2EC9-3D1E-418D-A340-1114027A3964}.AppStore|Any CPU.Build.0 = Debug|Any CPU
		{5C1C2EC9-3D1E-418D-A340-1114027A3964}.AppStore|ARM.ActiveCfg = Debug|Any CPU
		{5C1C2EC9-3D1E-418D-A340-1114027A3964}.AppStore|ARM.Build.0 = Debug|Any CPU
		{5C1C2EC9-3D1E-418D-A340-1114027A3964}.AppStore|iPhone.ActiveCfg = Debug|Any CPU
		{5C1C2EC9-3D1E-418D-A340-1114027A3964}.AppStore|iPhone.Build.0 = Debug|Any CPU
		{5C1C2EC9-3D1E-418D-A340-1114027A3964}.AppStore|iPhoneSimulator.ActiveCfg = Debug|Any CPU
		{5C1C2EC9-3D1E-418D-A340-1114027A3964}.AppStore|iPhoneSimulator.Build.0 = Debug|Any CPU
		{5C1C2EC9-3D1E-418D-A340-1114027A3964}.AppStore|x64.ActiveCfg = Debug|Any CPU
		{5C1C2EC9-3D1E-418D-A340-1114027A3964}.AppStore|x64.Build.0 = Debug|Any CPU
		{5C1C2EC9-3D1E-418D-A340-1114027A3964}.AppStore|x86.ActiveCfg = Debug|Any CPU
		{5C1C2EC9-3D1E-418D-A340-1114027A3964}.AppStore|x86.Build.0 = Debug|Any CPU
		{5C1C2EC9-3D1E-418D-A340-1114027A3964}.Debug|Any CPU.ActiveCfg = Debug|Any CPU
		{5C1C2EC9-3D1E-418D-A340-1114027A3964}.Debug|Any CPU.Build.0 = Debug|Any CPU
		{5C1C2EC9-3D1E-418D-A340-1114027A3964}.Debug|ARM.ActiveCfg = Debug|Any CPU
		{5C1C2EC9-3D1E-418D-A340-1114027A3964}.Debug|ARM.Build.0 = Debug|Any CPU
		{5C1C2EC9-3D1E-418D-A340-1114027A3964}.Debug|iPhone.ActiveCfg = Debug|Any CPU
		{5C1C2EC9-3D1E-418D-A340-1114027A3964}.Debug|iPhone.Build.0 = Debug|Any CPU
		{5C1C2EC9-3D1E-418D-A340-1114027A3964}.Debug|iPhoneSimulator.ActiveCfg = Debug|Any CPU
		{5C1C2EC9-3D1E-418D-A340-1114027A3964}.Debug|iPhoneSimulator.Build.0 = Debug|Any CPU
		{5C1C2EC9-3D1E-418D-A340-1114027A3964}.Debug|x64.ActiveCfg = Debug|Any CPU
		{5C1C2EC9-3D1E-418D-A340-1114027A3964}.Debug|x64.Build.0 = Debug|Any CPU
		{5C1C2EC9-3D1E-418D-A340-1114027A3964}.Debug|x86.ActiveCfg = Debug|Any CPU
		{5C1C2EC9-3D1E-418D-A340-1114027A3964}.Debug|x86.Build.0 = Debug|Any CPU
		{5C1C2EC9-3D1E-418D-A340-1114027A3964}.Release|Any CPU.ActiveCfg = Release|Any CPU
		{5C1C2EC9-3D1E-418D-A340-1114027A3964}.Release|Any CPU.Build.0 = Release|Any CPU
		{5C1C2EC9-3D1E-418D-A340-1114027A3964}.Release|ARM.ActiveCfg = Release|Any CPU
		{5C1C2EC9-3D1E-418D-A340-1114027A3964}.Release|ARM.Build.0 = Release|Any CPU
		{5C1C2EC9-3D1E-418D-A340-1114027A3964}.Release|iPhone.ActiveCfg = Release|Any CPU
		{5C1C2EC9-3D1E-418D-A340-1114027A3964}.Release|iPhone.Build.0 = Release|Any CPU
		{5C1C2EC9-3D1E-418D-A340-1114027A3964}.Release|iPhoneSimulator.ActiveCfg = Release|Any CPU
		{5C1C2EC9-3D1E-418D-A340-1114027A3964}.Release|iPhoneSimulator.Build.0 = Release|Any CPU
		{5C1C2EC9-3D1E-418D-A340-1114027A3964}.Release|x64.ActiveCfg = Release|Any CPU
		{5C1C2EC9-3D1E-418D-A340-1114027A3964}.Release|x64.Build.0 = Release|Any CPU
		{5C1C2EC9-3D1E-418D-A340-1114027A3964}.Release|x86.ActiveCfg = Release|Any CPU
		{5C1C2EC9-3D1E-418D-A340-1114027A3964}.Release|x86.Build.0 = Release|Any CPU
		{114FEF67-2F22-4D7A-BB1D-183F1D1E2C86}.Ad-Hoc|Any CPU.ActiveCfg = Debug|Any CPU
		{114FEF67-2F22-4D7A-BB1D-183F1D1E2C86}.Ad-Hoc|Any CPU.Build.0 = Debug|Any CPU
		{114FEF67-2F22-4D7A-BB1D-183F1D1E2C86}.Ad-Hoc|ARM.ActiveCfg = Debug|Any CPU
		{114FEF67-2F22-4D7A-BB1D-183F1D1E2C86}.Ad-Hoc|ARM.Build.0 = Debug|Any CPU
		{114FEF67-2F22-4D7A-BB1D-183F1D1E2C86}.Ad-Hoc|iPhone.ActiveCfg = Debug|Any CPU
		{114FEF67-2F22-4D7A-BB1D-183F1D1E2C86}.Ad-Hoc|iPhone.Build.0 = Debug|Any CPU
		{114FEF67-2F22-4D7A-BB1D-183F1D1E2C86}.Ad-Hoc|iPhoneSimulator.ActiveCfg = Debug|Any CPU
		{114FEF67-2F22-4D7A-BB1D-183F1D1E2C86}.Ad-Hoc|iPhoneSimulator.Build.0 = Debug|Any CPU
		{114FEF67-2F22-4D7A-BB1D-183F1D1E2C86}.Ad-Hoc|x64.ActiveCfg = Debug|Any CPU
		{114FEF67-2F22-4D7A-BB1D-183F1D1E2C86}.Ad-Hoc|x64.Build.0 = Debug|Any CPU
		{114FEF67-2F22-4D7A-BB1D-183F1D1E2C86}.Ad-Hoc|x86.ActiveCfg = Debug|Any CPU
		{114FEF67-2F22-4D7A-BB1D-183F1D1E2C86}.Ad-Hoc|x86.Build.0 = Debug|Any CPU
		{114FEF67-2F22-4D7A-BB1D-183F1D1E2C86}.AppStore|Any CPU.ActiveCfg = Debug|Any CPU
		{114FEF67-2F22-4D7A-BB1D-183F1D1E2C86}.AppStore|Any CPU.Build.0 = Debug|Any CPU
		{114FEF67-2F22-4D7A-BB1D-183F1D1E2C86}.AppStore|ARM.ActiveCfg = Debug|Any CPU
		{114FEF67-2F22-4D7A-BB1D-183F1D1E2C86}.AppStore|ARM.Build.0 = Debug|Any CPU
		{114FEF67-2F22-4D7A-BB1D-183F1D1E2C86}.AppStore|iPhone.ActiveCfg = Debug|Any CPU
		{114FEF67-2F22-4D7A-BB1D-183F1D1E2C86}.AppStore|iPhone.Build.0 = Debug|Any CPU
		{114FEF67-2F22-4D7A-BB1D-183F1D1E2C86}.AppStore|iPhoneSimulator.ActiveCfg = Debug|Any CPU
		{114FEF67-2F22-4D7A-BB1D-183F1D1E2C86}.AppStore|iPhoneSimulator.Build.0 = Debug|Any CPU
		{114FEF67-2F22-4D7A-BB1D-183F1D1E2C86}.AppStore|x64.ActiveCfg = Debug|Any CPU
		{114FEF67-2F22-4D7A-BB1D-183F1D1E2C86}.AppStore|x64.Build.0 = Debug|Any CPU
		{114FEF67-2F22-4D7A-BB1D-183F1D1E2C86}.AppStore|x86.ActiveCfg = Debug|Any CPU
		{114FEF67-2F22-4D7A-BB1D-183F1D1E2C86}.AppStore|x86.Build.0 = Debug|Any CPU
		{114FEF67-2F22-4D7A-BB1D-183F1D1E2C86}.Debug|Any CPU.ActiveCfg = Debug|Any CPU
		{114FEF67-2F22-4D7A-BB1D-183F1D1E2C86}.Debug|Any CPU.Build.0 = Debug|Any CPU
		{114FEF67-2F22-4D7A-BB1D-183F1D1E2C86}.Debug|ARM.ActiveCfg = Debug|Any CPU
		{114FEF67-2F22-4D7A-BB1D-183F1D1E2C86}.Debug|ARM.Build.0 = Debug|Any CPU
		{114FEF67-2F22-4D7A-BB1D-183F1D1E2C86}.Debug|iPhone.ActiveCfg = Debug|Any CPU
		{114FEF67-2F22-4D7A-BB1D-183F1D1E2C86}.Debug|iPhone.Build.0 = Debug|Any CPU
		{114FEF67-2F22-4D7A-BB1D-183F1D1E2C86}.Debug|iPhoneSimulator.ActiveCfg = Debug|Any CPU
		{114FEF67-2F22-4D7A-BB1D-183F1D1E2C86}.Debug|iPhoneSimulator.Build.0 = Debug|Any CPU
		{114FEF67-2F22-4D7A-BB1D-183F1D1E2C86}.Debug|x64.ActiveCfg = Debug|Any CPU
		{114FEF67-2F22-4D7A-BB1D-183F1D1E2C86}.Debug|x64.Build.0 = Debug|Any CPU
		{114FEF67-2F22-4D7A-BB1D-183F1D1E2C86}.Debug|x86.ActiveCfg = Debug|Any CPU
		{114FEF67-2F22-4D7A-BB1D-183F1D1E2C86}.Debug|x86.Build.0 = Debug|Any CPU
		{114FEF67-2F22-4D7A-BB1D-183F1D1E2C86}.Release|Any CPU.ActiveCfg = Release|Any CPU
		{114FEF67-2F22-4D7A-BB1D-183F1D1E2C86}.Release|Any CPU.Build.0 = Release|Any CPU
		{114FEF67-2F22-4D7A-BB1D-183F1D1E2C86}.Release|ARM.ActiveCfg = Release|Any CPU
		{114FEF67-2F22-4D7A-BB1D-183F1D1E2C86}.Release|ARM.Build.0 = Release|Any CPU
		{114FEF67-2F22-4D7A-BB1D-183F1D1E2C86}.Release|iPhone.ActiveCfg = Release|Any CPU
		{114FEF67-2F22-4D7A-BB1D-183F1D1E2C86}.Release|iPhone.Build.0 = Release|Any CPU
		{114FEF67-2F22-4D7A-BB1D-183F1D1E2C86}.Release|iPhoneSimulator.ActiveCfg = Release|Any CPU
		{114FEF67-2F22-4D7A-BB1D-183F1D1E2C86}.Release|iPhoneSimulator.Build.0 = Release|Any CPU
		{114FEF67-2F22-4D7A-BB1D-183F1D1E2C86}.Release|x64.ActiveCfg = Release|Any CPU
		{114FEF67-2F22-4D7A-BB1D-183F1D1E2C86}.Release|x64.Build.0 = Release|Any CPU
		{114FEF67-2F22-4D7A-BB1D-183F1D1E2C86}.Release|x86.ActiveCfg = Release|Any CPU
		{114FEF67-2F22-4D7A-BB1D-183F1D1E2C86}.Release|x86.Build.0 = Release|Any CPU
	EndGlobalSection
	GlobalSection(SolutionProperties) = preSolution
		HideSolutionNode = FALSE
	EndGlobalSection
	GlobalSection(NestedProjects) = preSolution
		{91CF7717-08AB-4E65-B10E-0B426F01E2E8} = {932D8224-11F6-4D07-B109-DA28AD288A63}
		{E279BF0F-7F66-4F3A-A3AB-2CDA66C1CD04} = {932D8224-11F6-4D07-B109-DA28AD288A63}
		{F0333D8E-0B27-42B7-B2C6-78F3657624E2} = {E279BF0F-7F66-4F3A-A3AB-2CDA66C1CD04}
		{DB0EFB20-B024-4E5E-A75C-52143C131D25} = {932D8224-11F6-4D07-B109-DA28AD288A63}
		{807BB76E-B2BB-47A2-A57B-3D1B20FF5E7F} = {DB0EFB20-B024-4E5E-A75C-52143C131D25}
		{0044B293-1DCC-4224-B948-00CF6DC7F510} = {807BB76E-B2BB-47A2-A57B-3D1B20FF5E7F}
		{8088F3FC-6787-45FA-A924-816EC81CBFAC} = {807BB76E-B2BB-47A2-A57B-3D1B20FF5E7F}
		{9EE28E45-1533-472B-8267-56C48855BA0E} = {807BB76E-B2BB-47A2-A57B-3D1B20FF5E7F}
		{C0A7918D-B4F2-4E7F-8DE2-1E5279EF079F} = {E279BF0F-7F66-4F3A-A3AB-2CDA66C1CD04}
		{1815B651-941C-466B-AE33-D1D7EEB8F77F} = {DB0EFB20-B024-4E5E-A75C-52143C131D25}
		{15F4B3AA-89B6-4A0D-9051-414305974781} = {1815B651-941C-466B-AE33-D1D7EEB8F77F}
		{77849D35-37D4-4802-81DC-9477B2775A40} = {932D8224-11F6-4D07-B109-DA28AD288A63}
		{BD41987C-C450-42CE-A232-364A8B8FA99A} = {DB0EFB20-B024-4E5E-A75C-52143C131D25}
		{1BD3003B-B486-49AB-9DE9-44B185BCD6E4} = {BD41987C-C450-42CE-A232-364A8B8FA99A}
		{B3D28DFD-59F1-43E4-8FF3-04C3CFC1711B} = {DB0EFB20-B024-4E5E-A75C-52143C131D25}
		{C1B4C318-C67A-440C-9DED-44447E14A136} = {91CF7717-08AB-4E65-B10E-0B426F01E2E8}
		{2D1BC449-784C-4A67-AF8A-3D6D7563C405} = {C1B4C318-C67A-440C-9DED-44447E14A136}
		{E8435B58-4A4F-479E-9515-703022984759} = {77849D35-37D4-4802-81DC-9477B2775A40}
		{3246C050-95F1-4824-909F-3033A296D912} = {B3D28DFD-59F1-43E4-8FF3-04C3CFC1711B}
		{5C1C2EC9-3D1E-418D-A340-1114027A3964} = {B3D28DFD-59F1-43E4-8FF3-04C3CFC1711B}
		{114FEF67-2F22-4D7A-BB1D-183F1D1E2C86} = {B3D28DFD-59F1-43E4-8FF3-04C3CFC1711B}
	EndGlobalSection
	GlobalSection(ExtensibilityGlobals) = postSolution
		SolutionGuid = {25728519-5F0F-4973-8A64-0A81EB4EA8D9}
	EndGlobalSection
EndGlobal
