
Microsoft Visual Studio Solution File, Format Version 12.00
# Visual Studio Version 16
VisualStudioVersion = 16.0.28922.388
MinimumVisualStudioVersion = 10.0.40219.1
Project("{2150E333-8FDC-42A3-9474-1A3956D46DE8}") = "crypto", "crypto", "{2B99AA5A-DF15-42F2-BDCF-2B01986ED32B}"
EndProject
Project("{9A19103F-16F7-4668-BE54-9A1E7A4F7556}") = "LCS35", "crypto\LCS35\LCS35.csproj", "{C76BBADB-4245-4161-971C-A007E1651D2A}"
EndProject
Project("{2150E333-8FDC-42A3-9474-1A3956D46DE8}") = "algs", "algs", "{51953BD7-9A17-4369-A1B7-06383D4F4FC9}"
EndProject
Project("{9A19103F-16F7-4668-BE54-9A1E7A4F7556}") = "AhoCorasick", "algs\AhoCorasick\AhoCorasick.csproj", "{8791C0BF-5732-4180-8669-BDA7C118DF5C}"
EndProject
Project("{2150E333-8FDC-42A3-9474-1A3956D46DE8}") = "security", "security", "{6FBEC99D-F645-4DF4-8825-53AF1593F0A7}"
EndProject
Project("{9A19103F-16F7-4668-BE54-9A1E7A4F7556}") = "gadget", "security\gadget\gadget.csproj", "{9C0DAC78-DF01-4D26-8C50-5B73117ED976}"
EndProject
Project("{2150E333-8FDC-42A3-9474-1A3956D46DE8}") = "arch", "arch", "{389B40ED-685E-4A35-A15A-D54D6117264B}"
EndProject
Project("{9A19103F-16F7-4668-BE54-9A1E7A4F7556}") = "nservicebus-step-by-step", "arch\nservicebus-step-by-step\nservicebus-step-by-step.csproj", "{E0C8B4CC-2665-4DBC-9C95-B23375F00ACD}"
EndProject
Project("{2150E333-8FDC-42A3-9474-1A3956D46DE8}") = "mult", "mult", "{B3351533-1AA6-4952-8BFA-D4378E057956}"
EndProject
Project("{FAE04EC0-301F-11D3-BF4B-00C04F79EFBC}") = "ParallelDemo", "mult\ParallelDemo\ParallelDemo.csproj", "{5BC69670-B51C-4E2B-A167-E8C2D6C07EB0}"
EndProject
Project("{FAE04EC0-301F-11D3-BF4B-00C04F79EFBC}") = "ParallelProgramming", "mult\ParallelProgramming\ParallelProgramming.csproj", "{2925FDF9-B692-4F92-87E6-CB112B0589F5}"
EndProject
Project("{9A19103F-16F7-4668-BE54-9A1E7A4F7556}") = "docs-examples", "mult\docs-examples\docs-examples.csproj", "{0C243198-7AC4-4E68-A0DD-8A0DD9C9AE9E}"
EndProject
Project("{2150E333-8FDC-42A3-9474-1A3956D46DE8}") = "design", "design", "{E7E0BE15-75E9-42A4-860E-9849053C7BA4}"
EndProject
Project("{2150E333-8FDC-42A3-9474-1A3956D46DE8}") = "payroll-on-c-sharp", "payroll-on-c-sharp", "{E6053DBF-1392-4387-9322-6509B623E5E0}"
EndProject
Project("{2150E333-8FDC-42A3-9474-1A3956D46DE8}") = "Cormen", "Cormen", "{12F849D6-686C-48B1-8E63-4ED4F66C8E11}"
EndProject
Project("{9A19103F-16F7-4668-BE54-9A1E7A4F7556}") = "07_QuickSort", "algs\Cormen\07_QuickSort\07_QuickSort.csproj", "{6FEA2618-8B6A-4CC2-8D9E-931AB2176192}"
EndProject
Project("{9A19103F-16F7-4668-BE54-9A1E7A4F7556}") = "Payroll", "arch\payroll-on-c-sharp\payroll\Payroll.csproj", "{F71C0F4B-83F8-43EB-9D86-F94BDF75CBC5}"
EndProject
Project("{9A19103F-16F7-4668-BE54-9A1E7A4F7556}") = "payroll.tests", "arch\payroll-on-c-sharp\payroll.tests\payroll.tests.csproj", "{72FF2E3D-ADB7-4429-9CB0-817156EE7249}"
EndProject
Project("{2150E333-8FDC-42A3-9474-1A3956D46DE8}") = "base", "base", "{5AAB8C77-ABF0-4C0F-A4C3-CEE97856647F}"
EndProject
Project("{9A19103F-16F7-4668-BE54-9A1E7A4F7556}") = "skit", "base-skit\part-01\skit.csproj", "{9561B5D9-0030-4B93-97C2-DC87D9BE9A00}"
EndProject
Project("{9A19103F-16F7-4668-BE54-9A1E7A4F7556}") = "patterns", "design\patterns\patterns.csproj", "{F8DD00F7-D7AB-4696-8126-CFF5E175CC1B}"
EndProject
Project("{9A19103F-16F7-4668-BE54-9A1E7A4F7556}") = "нigh-performance", "mult\нigh-performance\нigh-performance\нigh-performance.csproj", "{C8E1C4B4-4EAB-4E1B-9F70-028AFF45BBB8}"
EndProject
Project("{2150E333-8FDC-42A3-9474-1A3956D46DE8}") = "mass-transit", "mass-transit", "{12F98EE0-5A0A-4177-939D-7B8E3960DF34}"
EndProject
Project("{9A19103F-16F7-4668-BE54-9A1E7A4F7556}") = "fire-on-wheels", "arch\mass-transit\fire-on-wheels\fire-on-wheels.csproj", "{8C128240-4F10-4EFC-B48C-5AC24DB9ACB5}"
EndProject
Project("{9A19103F-16F7-4668-BE54-9A1E7A4F7556}") = "mult-any", "mult\mult-any\mult-any.csproj", "{40C1A278-2126-48FB-8503-D3207FEFEE99}"
EndProject
Project("{2150E333-8FDC-42A3-9474-1A3956D46DE8}") = "dev", "dev", "{0563C457-3219-43B9-9806-DC03C92A9C88}"
EndProject
Project("{2150E333-8FDC-42A3-9474-1A3956D46DE8}") = "fsharp", "fsharp", "{1354A9C7-2E4F-42E8-BC93-5B7E91020A23}"
EndProject
Project("{6EC3EE1D-3C4E-46DD-8F32-0CC8E7565705}") = "01-strudy", "dev\fsharp\01-strudy\01-strudy\01-strudy.fsproj", "{B4E20135-6833-40EC-82AF-BEF7E6DE3D9D}"
EndProject
Project("{2150E333-8FDC-42A3-9474-1A3956D46DE8}") = "nothwind", "nothwind", "{EA9E71DD-85DF-4C74-864F-FCE7DE505B9E}"
EndProject
Project("{9A19103F-16F7-4668-BE54-9A1E7A4F7556}") = "Northwind.WebUI", "arch\northwind\Northwind.WebUI\Northwind.WebUI.csproj", "{3C337AD3-E76D-4CE5-983B-C3A103868F06}"
EndProject
Project("{9A19103F-16F7-4668-BE54-9A1E7A4F7556}") = "All", "algs\All\All.csproj", "{1F00C70A-734C-4735-858E-80A28AA43844}"
EndProject
Project("{9A19103F-16F7-4668-BE54-9A1E7A4F7556}") = "Common", "arch\northwind\Common\Common.csproj", "{AADFD41C-407C-4B5A-A412-69BF09BAA079}"
EndProject
Project("{9A19103F-16F7-4668-BE54-9A1E7A4F7556}") = "Domain", "arch\northwind\Domain\Domain.csproj", "{71043276-121E-4FA7-A473-4891E3FABACA}"
EndProject
Project("{9A19103F-16F7-4668-BE54-9A1E7A4F7556}") = "Application", "arch\northwind\Application\Application.csproj", "{C9AE37A6-981E-4CAE-B7E2-F05AC123A181}"
EndProject
Project("{9A19103F-16F7-4668-BE54-9A1E7A4F7556}") = "Application.Tests", "arch\northwind\Application.Tests\Application.Tests.csproj", "{7CCB6798-631B-440B-839F-37917AB510DE}"
EndProject
Project("{9A19103F-16F7-4668-BE54-9A1E7A4F7556}") = "Persistence", "arch\northwind\Persistance\Persistence.csproj", "{F99507C4-C4D2-451A-9CC1-C1478A8B44A8}"
EndProject
Project("{9A19103F-16F7-4668-BE54-9A1E7A4F7556}") = "Northwind.WebUI.FunctionalTests", "arch\northwind\Northwind.WebUI.FunctionalTests\Northwind.WebUI.FunctionalTests.csproj", "{F0ED18DF-B2F3-4F32-A966-D3931763BA47}"
EndProject
Project("{9A19103F-16F7-4668-BE54-9A1E7A4F7556}") = "Infrastructure", "arch\northwind\Infrastructure\Infrastructure.csproj", "{4639B2D6-9E8A-4D01-923D-54641041F1CF}"
EndProject
Project("{9A19103F-16F7-4668-BE54-9A1E7A4F7556}") = "LetsCode", "algs\LetsCode\LetsCode\LetsCode.csproj", "{1433F590-0593-4186-AA3A-9C20E2942B30}"
EndProject
Project("{9A19103F-16F7-4668-BE54-9A1E7A4F7556}") = "lafore-data-structures", "algs\lafore-data-structures\lafore-data-structures.csproj", "{2BB7872F-AFB4-451E-A9D8-EF4D8B37109C}"
EndProject
Project("{9A19103F-16F7-4668-BE54-9A1E7A4F7556}") = "teplyakov-patterns", "design\teplyakov-patterns\teplyakov-patterns.csproj", "{A1EE7629-9A6F-4BA9-91FE-60E86008BEF7}"
EndProject
Project("{2150E333-8FDC-42A3-9474-1A3956D46DE8}") = "performance", "performance", "{D33B6936-4AAC-490B-A651-8D1A8AA27235}"
EndProject
Project("{9A19103F-16F7-4668-BE54-9A1E7A4F7556}") = "producer-consumer-channel", "performance\producer-consumer-channel\producer-consumer-channel.csproj", "{8615A7D4-B7C2-4B0D-AA8D-5D994D865745}"
EndProject
Project("{2150E333-8FDC-42A3-9474-1A3956D46DE8}") = "eshop-reading-book", "eshop-reading-book", "{572CFFE8-29FA-4DF9-B6C9-D49CAD2B1D1B}"
EndProject
Project("{9A19103F-16F7-4668-BE54-9A1E7A4F7556}") = "Ordering", "arch\eshop-reading-book\Ordering\Ordering.csproj", "{A38D3AAD-CD68-49EC-A8C3-D0E1F4F59012}"
EndProject
Project("{9A19103F-16F7-4668-BE54-9A1E7A4F7556}") = "plural", "algs\plural\plural.csproj", "{D9E52BFB-A4EC-493D-BB03-A2E6D309FEB4}"
EndProject
Project("{FAE04EC0-301F-11D3-BF4B-00C04F79EFBC}") = "linda-adv-threading", "mult\linda-adv-threading\linda-adv-threading.csproj", "{43776B59-DC0D-47E5-B052-0B28DE47D0A9}"
EndProject
Project("{FAE04EC0-301F-11D3-BF4B-00C04F79EFBC}") = "alhabari", "base-skit\alhabari\alhabari.csproj", "{B8D5A540-C5DC-46A0-8B69-8BA756209F2D}"
EndProject
Global
	GlobalSection(SolutionConfigurationPlatforms) = preSolution
		Debug|Any CPU = Debug|Any CPU
		Release|Any CPU = Release|Any CPU
	EndGlobalSection
	GlobalSection(ProjectConfigurationPlatforms) = postSolution
		{C76BBADB-4245-4161-971C-A007E1651D2A}.Debug|Any CPU.ActiveCfg = Debug|Any CPU
		{C76BBADB-4245-4161-971C-A007E1651D2A}.Debug|Any CPU.Build.0 = Debug|Any CPU
		{C76BBADB-4245-4161-971C-A007E1651D2A}.Release|Any CPU.ActiveCfg = Release|Any CPU
		{C76BBADB-4245-4161-971C-A007E1651D2A}.Release|Any CPU.Build.0 = Release|Any CPU
		{8791C0BF-5732-4180-8669-BDA7C118DF5C}.Debug|Any CPU.ActiveCfg = Debug|Any CPU
		{8791C0BF-5732-4180-8669-BDA7C118DF5C}.Debug|Any CPU.Build.0 = Debug|Any CPU
		{8791C0BF-5732-4180-8669-BDA7C118DF5C}.Release|Any CPU.ActiveCfg = Release|Any CPU
		{8791C0BF-5732-4180-8669-BDA7C118DF5C}.Release|Any CPU.Build.0 = Release|Any CPU
		{9C0DAC78-DF01-4D26-8C50-5B73117ED976}.Debug|Any CPU.ActiveCfg = Debug|Any CPU
		{9C0DAC78-DF01-4D26-8C50-5B73117ED976}.Debug|Any CPU.Build.0 = Debug|Any CPU
		{9C0DAC78-DF01-4D26-8C50-5B73117ED976}.Release|Any CPU.ActiveCfg = Release|Any CPU
		{9C0DAC78-DF01-4D26-8C50-5B73117ED976}.Release|Any CPU.Build.0 = Release|Any CPU
		{E0C8B4CC-2665-4DBC-9C95-B23375F00ACD}.Debug|Any CPU.ActiveCfg = Debug|Any CPU
		{E0C8B4CC-2665-4DBC-9C95-B23375F00ACD}.Debug|Any CPU.Build.0 = Debug|Any CPU
		{E0C8B4CC-2665-4DBC-9C95-B23375F00ACD}.Release|Any CPU.ActiveCfg = Release|Any CPU
		{E0C8B4CC-2665-4DBC-9C95-B23375F00ACD}.Release|Any CPU.Build.0 = Release|Any CPU
		{5BC69670-B51C-4E2B-A167-E8C2D6C07EB0}.Debug|Any CPU.ActiveCfg = Debug|Any CPU
		{5BC69670-B51C-4E2B-A167-E8C2D6C07EB0}.Debug|Any CPU.Build.0 = Debug|Any CPU
		{5BC69670-B51C-4E2B-A167-E8C2D6C07EB0}.Release|Any CPU.ActiveCfg = Release|Any CPU
		{5BC69670-B51C-4E2B-A167-E8C2D6C07EB0}.Release|Any CPU.Build.0 = Release|Any CPU
		{2925FDF9-B692-4F92-87E6-CB112B0589F5}.Debug|Any CPU.ActiveCfg = Debug|Any CPU
		{2925FDF9-B692-4F92-87E6-CB112B0589F5}.Debug|Any CPU.Build.0 = Debug|Any CPU
		{2925FDF9-B692-4F92-87E6-CB112B0589F5}.Release|Any CPU.ActiveCfg = Release|Any CPU
		{2925FDF9-B692-4F92-87E6-CB112B0589F5}.Release|Any CPU.Build.0 = Release|Any CPU
		{0C243198-7AC4-4E68-A0DD-8A0DD9C9AE9E}.Debug|Any CPU.ActiveCfg = Debug|Any CPU
		{0C243198-7AC4-4E68-A0DD-8A0DD9C9AE9E}.Debug|Any CPU.Build.0 = Debug|Any CPU
		{0C243198-7AC4-4E68-A0DD-8A0DD9C9AE9E}.Release|Any CPU.ActiveCfg = Release|Any CPU
		{0C243198-7AC4-4E68-A0DD-8A0DD9C9AE9E}.Release|Any CPU.Build.0 = Release|Any CPU
		{6FEA2618-8B6A-4CC2-8D9E-931AB2176192}.Debug|Any CPU.ActiveCfg = Debug|Any CPU
		{6FEA2618-8B6A-4CC2-8D9E-931AB2176192}.Debug|Any CPU.Build.0 = Debug|Any CPU
		{6FEA2618-8B6A-4CC2-8D9E-931AB2176192}.Release|Any CPU.ActiveCfg = Release|Any CPU
		{6FEA2618-8B6A-4CC2-8D9E-931AB2176192}.Release|Any CPU.Build.0 = Release|Any CPU
		{F71C0F4B-83F8-43EB-9D86-F94BDF75CBC5}.Debug|Any CPU.ActiveCfg = Debug|Any CPU
		{F71C0F4B-83F8-43EB-9D86-F94BDF75CBC5}.Debug|Any CPU.Build.0 = Debug|Any CPU
		{F71C0F4B-83F8-43EB-9D86-F94BDF75CBC5}.Release|Any CPU.ActiveCfg = Release|Any CPU
		{F71C0F4B-83F8-43EB-9D86-F94BDF75CBC5}.Release|Any CPU.Build.0 = Release|Any CPU
		{72FF2E3D-ADB7-4429-9CB0-817156EE7249}.Debug|Any CPU.ActiveCfg = Debug|Any CPU
		{72FF2E3D-ADB7-4429-9CB0-817156EE7249}.Debug|Any CPU.Build.0 = Debug|Any CPU
		{72FF2E3D-ADB7-4429-9CB0-817156EE7249}.Release|Any CPU.ActiveCfg = Release|Any CPU
		{72FF2E3D-ADB7-4429-9CB0-817156EE7249}.Release|Any CPU.Build.0 = Release|Any CPU
		{9561B5D9-0030-4B93-97C2-DC87D9BE9A00}.Debug|Any CPU.ActiveCfg = Debug|Any CPU
		{9561B5D9-0030-4B93-97C2-DC87D9BE9A00}.Debug|Any CPU.Build.0 = Debug|Any CPU
		{9561B5D9-0030-4B93-97C2-DC87D9BE9A00}.Release|Any CPU.ActiveCfg = Release|Any CPU
		{9561B5D9-0030-4B93-97C2-DC87D9BE9A00}.Release|Any CPU.Build.0 = Release|Any CPU
		{F8DD00F7-D7AB-4696-8126-CFF5E175CC1B}.Debug|Any CPU.ActiveCfg = Debug|Any CPU
		{F8DD00F7-D7AB-4696-8126-CFF5E175CC1B}.Debug|Any CPU.Build.0 = Debug|Any CPU
		{F8DD00F7-D7AB-4696-8126-CFF5E175CC1B}.Release|Any CPU.ActiveCfg = Release|Any CPU
		{F8DD00F7-D7AB-4696-8126-CFF5E175CC1B}.Release|Any CPU.Build.0 = Release|Any CPU
		{C8E1C4B4-4EAB-4E1B-9F70-028AFF45BBB8}.Debug|Any CPU.ActiveCfg = Debug|Any CPU
		{C8E1C4B4-4EAB-4E1B-9F70-028AFF45BBB8}.Debug|Any CPU.Build.0 = Debug|Any CPU
		{C8E1C4B4-4EAB-4E1B-9F70-028AFF45BBB8}.Release|Any CPU.ActiveCfg = Release|Any CPU
		{C8E1C4B4-4EAB-4E1B-9F70-028AFF45BBB8}.Release|Any CPU.Build.0 = Release|Any CPU
		{8C128240-4F10-4EFC-B48C-5AC24DB9ACB5}.Debug|Any CPU.ActiveCfg = Debug|Any CPU
		{8C128240-4F10-4EFC-B48C-5AC24DB9ACB5}.Debug|Any CPU.Build.0 = Debug|Any CPU
		{8C128240-4F10-4EFC-B48C-5AC24DB9ACB5}.Release|Any CPU.ActiveCfg = Release|Any CPU
		{8C128240-4F10-4EFC-B48C-5AC24DB9ACB5}.Release|Any CPU.Build.0 = Release|Any CPU
		{40C1A278-2126-48FB-8503-D3207FEFEE99}.Debug|Any CPU.ActiveCfg = Debug|Any CPU
		{40C1A278-2126-48FB-8503-D3207FEFEE99}.Debug|Any CPU.Build.0 = Debug|Any CPU
		{40C1A278-2126-48FB-8503-D3207FEFEE99}.Release|Any CPU.ActiveCfg = Release|Any CPU
		{40C1A278-2126-48FB-8503-D3207FEFEE99}.Release|Any CPU.Build.0 = Release|Any CPU
		{B4E20135-6833-40EC-82AF-BEF7E6DE3D9D}.Debug|Any CPU.ActiveCfg = Debug|Any CPU
		{B4E20135-6833-40EC-82AF-BEF7E6DE3D9D}.Debug|Any CPU.Build.0 = Debug|Any CPU
		{B4E20135-6833-40EC-82AF-BEF7E6DE3D9D}.Release|Any CPU.ActiveCfg = Release|Any CPU
		{B4E20135-6833-40EC-82AF-BEF7E6DE3D9D}.Release|Any CPU.Build.0 = Release|Any CPU
		{3C337AD3-E76D-4CE5-983B-C3A103868F06}.Debug|Any CPU.ActiveCfg = Debug|Any CPU
		{3C337AD3-E76D-4CE5-983B-C3A103868F06}.Debug|Any CPU.Build.0 = Debug|Any CPU
		{3C337AD3-E76D-4CE5-983B-C3A103868F06}.Release|Any CPU.ActiveCfg = Release|Any CPU
		{3C337AD3-E76D-4CE5-983B-C3A103868F06}.Release|Any CPU.Build.0 = Release|Any CPU
		{1F00C70A-734C-4735-858E-80A28AA43844}.Debug|Any CPU.ActiveCfg = Debug|Any CPU
		{1F00C70A-734C-4735-858E-80A28AA43844}.Debug|Any CPU.Build.0 = Debug|Any CPU
		{1F00C70A-734C-4735-858E-80A28AA43844}.Release|Any CPU.ActiveCfg = Release|Any CPU
		{1F00C70A-734C-4735-858E-80A28AA43844}.Release|Any CPU.Build.0 = Release|Any CPU
		{AADFD41C-407C-4B5A-A412-69BF09BAA079}.Debug|Any CPU.ActiveCfg = Debug|Any CPU
		{AADFD41C-407C-4B5A-A412-69BF09BAA079}.Debug|Any CPU.Build.0 = Debug|Any CPU
		{AADFD41C-407C-4B5A-A412-69BF09BAA079}.Release|Any CPU.ActiveCfg = Release|Any CPU
		{AADFD41C-407C-4B5A-A412-69BF09BAA079}.Release|Any CPU.Build.0 = Release|Any CPU
		{71043276-121E-4FA7-A473-4891E3FABACA}.Debug|Any CPU.ActiveCfg = Debug|Any CPU
		{71043276-121E-4FA7-A473-4891E3FABACA}.Debug|Any CPU.Build.0 = Debug|Any CPU
		{71043276-121E-4FA7-A473-4891E3FABACA}.Release|Any CPU.ActiveCfg = Release|Any CPU
		{71043276-121E-4FA7-A473-4891E3FABACA}.Release|Any CPU.Build.0 = Release|Any CPU
		{C9AE37A6-981E-4CAE-B7E2-F05AC123A181}.Debug|Any CPU.ActiveCfg = Debug|Any CPU
		{C9AE37A6-981E-4CAE-B7E2-F05AC123A181}.Debug|Any CPU.Build.0 = Debug|Any CPU
		{C9AE37A6-981E-4CAE-B7E2-F05AC123A181}.Release|Any CPU.ActiveCfg = Release|Any CPU
		{C9AE37A6-981E-4CAE-B7E2-F05AC123A181}.Release|Any CPU.Build.0 = Release|Any CPU
		{7CCB6798-631B-440B-839F-37917AB510DE}.Debug|Any CPU.ActiveCfg = Debug|Any CPU
		{7CCB6798-631B-440B-839F-37917AB510DE}.Debug|Any CPU.Build.0 = Debug|Any CPU
		{7CCB6798-631B-440B-839F-37917AB510DE}.Release|Any CPU.ActiveCfg = Release|Any CPU
		{7CCB6798-631B-440B-839F-37917AB510DE}.Release|Any CPU.Build.0 = Release|Any CPU
		{F99507C4-C4D2-451A-9CC1-C1478A8B44A8}.Debug|Any CPU.ActiveCfg = Debug|Any CPU
		{F99507C4-C4D2-451A-9CC1-C1478A8B44A8}.Debug|Any CPU.Build.0 = Debug|Any CPU
		{F99507C4-C4D2-451A-9CC1-C1478A8B44A8}.Release|Any CPU.ActiveCfg = Release|Any CPU
		{F99507C4-C4D2-451A-9CC1-C1478A8B44A8}.Release|Any CPU.Build.0 = Release|Any CPU
		{F0ED18DF-B2F3-4F32-A966-D3931763BA47}.Debug|Any CPU.ActiveCfg = Debug|Any CPU
		{F0ED18DF-B2F3-4F32-A966-D3931763BA47}.Debug|Any CPU.Build.0 = Debug|Any CPU
		{F0ED18DF-B2F3-4F32-A966-D3931763BA47}.Release|Any CPU.ActiveCfg = Release|Any CPU
		{F0ED18DF-B2F3-4F32-A966-D3931763BA47}.Release|Any CPU.Build.0 = Release|Any CPU
		{4639B2D6-9E8A-4D01-923D-54641041F1CF}.Debug|Any CPU.ActiveCfg = Debug|Any CPU
		{4639B2D6-9E8A-4D01-923D-54641041F1CF}.Debug|Any CPU.Build.0 = Debug|Any CPU
		{4639B2D6-9E8A-4D01-923D-54641041F1CF}.Release|Any CPU.ActiveCfg = Release|Any CPU
		{4639B2D6-9E8A-4D01-923D-54641041F1CF}.Release|Any CPU.Build.0 = Release|Any CPU
		{1433F590-0593-4186-AA3A-9C20E2942B30}.Debug|Any CPU.ActiveCfg = Debug|Any CPU
		{1433F590-0593-4186-AA3A-9C20E2942B30}.Debug|Any CPU.Build.0 = Debug|Any CPU
		{1433F590-0593-4186-AA3A-9C20E2942B30}.Release|Any CPU.ActiveCfg = Release|Any CPU
		{1433F590-0593-4186-AA3A-9C20E2942B30}.Release|Any CPU.Build.0 = Release|Any CPU
		{2BB7872F-AFB4-451E-A9D8-EF4D8B37109C}.Debug|Any CPU.ActiveCfg = Debug|Any CPU
		{2BB7872F-AFB4-451E-A9D8-EF4D8B37109C}.Debug|Any CPU.Build.0 = Debug|Any CPU
		{2BB7872F-AFB4-451E-A9D8-EF4D8B37109C}.Release|Any CPU.ActiveCfg = Release|Any CPU
		{2BB7872F-AFB4-451E-A9D8-EF4D8B37109C}.Release|Any CPU.Build.0 = Release|Any CPU
		{A1EE7629-9A6F-4BA9-91FE-60E86008BEF7}.Debug|Any CPU.ActiveCfg = Debug|Any CPU
		{A1EE7629-9A6F-4BA9-91FE-60E86008BEF7}.Debug|Any CPU.Build.0 = Debug|Any CPU
		{A1EE7629-9A6F-4BA9-91FE-60E86008BEF7}.Release|Any CPU.ActiveCfg = Release|Any CPU
		{A1EE7629-9A6F-4BA9-91FE-60E86008BEF7}.Release|Any CPU.Build.0 = Release|Any CPU
		{8615A7D4-B7C2-4B0D-AA8D-5D994D865745}.Debug|Any CPU.ActiveCfg = Debug|Any CPU
		{8615A7D4-B7C2-4B0D-AA8D-5D994D865745}.Debug|Any CPU.Build.0 = Debug|Any CPU
		{8615A7D4-B7C2-4B0D-AA8D-5D994D865745}.Release|Any CPU.ActiveCfg = Release|Any CPU
		{8615A7D4-B7C2-4B0D-AA8D-5D994D865745}.Release|Any CPU.Build.0 = Release|Any CPU
		{A38D3AAD-CD68-49EC-A8C3-D0E1F4F59012}.Debug|Any CPU.ActiveCfg = Debug|Any CPU
		{A38D3AAD-CD68-49EC-A8C3-D0E1F4F59012}.Debug|Any CPU.Build.0 = Debug|Any CPU
		{A38D3AAD-CD68-49EC-A8C3-D0E1F4F59012}.Release|Any CPU.ActiveCfg = Release|Any CPU
		{A38D3AAD-CD68-49EC-A8C3-D0E1F4F59012}.Release|Any CPU.Build.0 = Release|Any CPU
		{D9E52BFB-A4EC-493D-BB03-A2E6D309FEB4}.Debug|Any CPU.ActiveCfg = Debug|Any CPU
		{D9E52BFB-A4EC-493D-BB03-A2E6D309FEB4}.Debug|Any CPU.Build.0 = Debug|Any CPU
		{D9E52BFB-A4EC-493D-BB03-A2E6D309FEB4}.Release|Any CPU.ActiveCfg = Release|Any CPU
		{D9E52BFB-A4EC-493D-BB03-A2E6D309FEB4}.Release|Any CPU.Build.0 = Release|Any CPU
		{43776B59-DC0D-47E5-B052-0B28DE47D0A9}.Debug|Any CPU.ActiveCfg = Debug|Any CPU
		{43776B59-DC0D-47E5-B052-0B28DE47D0A9}.Debug|Any CPU.Build.0 = Debug|Any CPU
		{43776B59-DC0D-47E5-B052-0B28DE47D0A9}.Release|Any CPU.ActiveCfg = Release|Any CPU
		{43776B59-DC0D-47E5-B052-0B28DE47D0A9}.Release|Any CPU.Build.0 = Release|Any CPU
		{B8D5A540-C5DC-46A0-8B69-8BA756209F2D}.Debug|Any CPU.ActiveCfg = Debug|Any CPU
		{B8D5A540-C5DC-46A0-8B69-8BA756209F2D}.Debug|Any CPU.Build.0 = Debug|Any CPU
		{B8D5A540-C5DC-46A0-8B69-8BA756209F2D}.Release|Any CPU.ActiveCfg = Release|Any CPU
		{B8D5A540-C5DC-46A0-8B69-8BA756209F2D}.Release|Any CPU.Build.0 = Release|Any CPU
	EndGlobalSection
	GlobalSection(SolutionProperties) = preSolution
		HideSolutionNode = FALSE
	EndGlobalSection
	GlobalSection(NestedProjects) = preSolution
		{C76BBADB-4245-4161-971C-A007E1651D2A} = {2B99AA5A-DF15-42F2-BDCF-2B01986ED32B}
		{8791C0BF-5732-4180-8669-BDA7C118DF5C} = {51953BD7-9A17-4369-A1B7-06383D4F4FC9}
		{9C0DAC78-DF01-4D26-8C50-5B73117ED976} = {6FBEC99D-F645-4DF4-8825-53AF1593F0A7}
		{E0C8B4CC-2665-4DBC-9C95-B23375F00ACD} = {389B40ED-685E-4A35-A15A-D54D6117264B}
		{5BC69670-B51C-4E2B-A167-E8C2D6C07EB0} = {B3351533-1AA6-4952-8BFA-D4378E057956}
		{2925FDF9-B692-4F92-87E6-CB112B0589F5} = {B3351533-1AA6-4952-8BFA-D4378E057956}
		{0C243198-7AC4-4E68-A0DD-8A0DD9C9AE9E} = {B3351533-1AA6-4952-8BFA-D4378E057956}
		{E6053DBF-1392-4387-9322-6509B623E5E0} = {389B40ED-685E-4A35-A15A-D54D6117264B}
		{12F849D6-686C-48B1-8E63-4ED4F66C8E11} = {51953BD7-9A17-4369-A1B7-06383D4F4FC9}
		{6FEA2618-8B6A-4CC2-8D9E-931AB2176192} = {12F849D6-686C-48B1-8E63-4ED4F66C8E11}
		{F71C0F4B-83F8-43EB-9D86-F94BDF75CBC5} = {E6053DBF-1392-4387-9322-6509B623E5E0}
		{72FF2E3D-ADB7-4429-9CB0-817156EE7249} = {E6053DBF-1392-4387-9322-6509B623E5E0}
		{9561B5D9-0030-4B93-97C2-DC87D9BE9A00} = {5AAB8C77-ABF0-4C0F-A4C3-CEE97856647F}
		{F8DD00F7-D7AB-4696-8126-CFF5E175CC1B} = {E7E0BE15-75E9-42A4-860E-9849053C7BA4}
		{C8E1C4B4-4EAB-4E1B-9F70-028AFF45BBB8} = {B3351533-1AA6-4952-8BFA-D4378E057956}
		{12F98EE0-5A0A-4177-939D-7B8E3960DF34} = {389B40ED-685E-4A35-A15A-D54D6117264B}
		{8C128240-4F10-4EFC-B48C-5AC24DB9ACB5} = {12F98EE0-5A0A-4177-939D-7B8E3960DF34}
		{40C1A278-2126-48FB-8503-D3207FEFEE99} = {B3351533-1AA6-4952-8BFA-D4378E057956}
		{1354A9C7-2E4F-42E8-BC93-5B7E91020A23} = {0563C457-3219-43B9-9806-DC03C92A9C88}
		{B4E20135-6833-40EC-82AF-BEF7E6DE3D9D} = {1354A9C7-2E4F-42E8-BC93-5B7E91020A23}
		{EA9E71DD-85DF-4C74-864F-FCE7DE505B9E} = {389B40ED-685E-4A35-A15A-D54D6117264B}
		{3C337AD3-E76D-4CE5-983B-C3A103868F06} = {EA9E71DD-85DF-4C74-864F-FCE7DE505B9E}
		{1F00C70A-734C-4735-858E-80A28AA43844} = {51953BD7-9A17-4369-A1B7-06383D4F4FC9}
		{AADFD41C-407C-4B5A-A412-69BF09BAA079} = {EA9E71DD-85DF-4C74-864F-FCE7DE505B9E}
		{71043276-121E-4FA7-A473-4891E3FABACA} = {EA9E71DD-85DF-4C74-864F-FCE7DE505B9E}
		{C9AE37A6-981E-4CAE-B7E2-F05AC123A181} = {EA9E71DD-85DF-4C74-864F-FCE7DE505B9E}
		{7CCB6798-631B-440B-839F-37917AB510DE} = {EA9E71DD-85DF-4C74-864F-FCE7DE505B9E}
		{F99507C4-C4D2-451A-9CC1-C1478A8B44A8} = {EA9E71DD-85DF-4C74-864F-FCE7DE505B9E}
		{F0ED18DF-B2F3-4F32-A966-D3931763BA47} = {EA9E71DD-85DF-4C74-864F-FCE7DE505B9E}
		{4639B2D6-9E8A-4D01-923D-54641041F1CF} = {EA9E71DD-85DF-4C74-864F-FCE7DE505B9E}
		{1433F590-0593-4186-AA3A-9C20E2942B30} = {51953BD7-9A17-4369-A1B7-06383D4F4FC9}
		{2BB7872F-AFB4-451E-A9D8-EF4D8B37109C} = {51953BD7-9A17-4369-A1B7-06383D4F4FC9}
		{A1EE7629-9A6F-4BA9-91FE-60E86008BEF7} = {E7E0BE15-75E9-42A4-860E-9849053C7BA4}
		{8615A7D4-B7C2-4B0D-AA8D-5D994D865745} = {D33B6936-4AAC-490B-A651-8D1A8AA27235}
		{572CFFE8-29FA-4DF9-B6C9-D49CAD2B1D1B} = {389B40ED-685E-4A35-A15A-D54D6117264B}
		{A38D3AAD-CD68-49EC-A8C3-D0E1F4F59012} = {572CFFE8-29FA-4DF9-B6C9-D49CAD2B1D1B}
		{D9E52BFB-A4EC-493D-BB03-A2E6D309FEB4} = {51953BD7-9A17-4369-A1B7-06383D4F4FC9}
		{43776B59-DC0D-47E5-B052-0B28DE47D0A9} = {B3351533-1AA6-4952-8BFA-D4378E057956}
		{B8D5A540-C5DC-46A0-8B69-8BA756209F2D} = {5AAB8C77-ABF0-4C0F-A4C3-CEE97856647F}
	EndGlobalSection
	GlobalSection(ExtensibilityGlobals) = postSolution
		SolutionGuid = {A6069C04-3F20-4887-B277-AC4CF5E0AD9B}
	EndGlobalSection
EndGlobal
