
Microsoft Visual Studio Solution File, Format Version 12.00
# Visual Studio Version 16
VisualStudioVersion = 16.0.28922.388
MinimumVisualStudioVersion = 10.0.40219.1
Project("{9A19103F-16F7-4668-BE54-9A1E7A4F7556}") = "Quicksort", "Quicksort\Quicksort.csproj", "{FC46E3F7-EF4F-4214-BC49-130AFF036FC1}"
EndProject
Project("{9A19103F-16F7-4668-BE54-9A1E7A4F7556}") = "GraphSearchDfsBfs", "GraphSearchDfsBfs\GraphSearchDfsBfs.csproj", "{6F9794CB-8B28-42EF-9CF0-84178045BF4D}"
EndProject
Project("{9A19103F-16F7-4668-BE54-9A1E7A4F7556}") = "LonleyInteger", "LonleyInteger\LonleyInteger.csproj", "{C62C574A-D5EA-447F-86EF-DE05C10A3706}"
EndProject
Project("{9A19103F-16F7-4668-BE54-9A1E7A4F7556}") = "QueueWithTwoStacks", "QueueWithTwoStacks\QueueWithTwoStacks.csproj", "{77CC77A5-8D96-48C5-A152-10081A8C668C}"
EndProject
Project("{9A19103F-16F7-4668-BE54-9A1E7A4F7556}") = "MergeSort", "MergeSort\MergeSort.csproj", "{C44CEE4E-10FA-4DF2-B046-4B901FBE7D38}"
EndProject
Project("{2150E333-8FDC-42A3-9474-1A3956D46DE8}") = "Cormen", "Cormen", "{93C34EBC-A920-4E69-9844-8139BF202913}"
EndProject
Project("{9A19103F-16F7-4668-BE54-9A1E7A4F7556}") = "07_QuickSort", "Cormen\07_QuickSort\07_QuickSort.csproj", "{C7D130C8-F181-456F-9AF3-42374328A08B}"
EndProject
Project("{2150E333-8FDC-42A3-9474-1A3956D46DE8}") = "DesignPatterns", "DesignPatterns", "{FF13E45B-80B6-4E9D-9366-D87A188D2EB8}"
EndProject
Project("{2150E333-8FDC-42A3-9474-1A3956D46DE8}") = "Behaviour", "Behaviour", "{4D3FEBB3-0B46-49AD-9E3E-1009560F1C41}"
EndProject
Project("{9A19103F-16F7-4668-BE54-9A1E7A4F7556}") = "Visitor", "DesignPatterns\Behaviour\Visitor\Visitor.csproj", "{E15F46FF-85E3-4886-B053-909F8628C434}"
EndProject
Project("{2150E333-8FDC-42A3-9474-1A3956D46DE8}") = "DataStructures", "DataStructures", "{05A5DA9E-6F16-4B8E-9B0E-08E5B015443A}"
EndProject
Project("{9A19103F-16F7-4668-BE54-9A1E7A4F7556}") = "HashTable", "DataStructures\HashTable\HashTable.csproj", "{D668C8A9-35E7-4993-9D20-85D097CB2A53}"
EndProject
Project("{2150E333-8FDC-42A3-9474-1A3956D46DE8}") = "lafore_data_structures", "lafore_data_structures", "{9840B35A-C0B9-4D29-B4F9-E2DBDFB49B84}"
EndProject
Project("{9A19103F-16F7-4668-BE54-9A1E7A4F7556}") = "001-arrays", "lafore_data_structures\Arrays\001-arrays.csproj", "{69123437-465D-4A64-82DA-5EC5B529CBA1}"
EndProject
Project("{2150E333-8FDC-42A3-9474-1A3956D46DE8}") = "crypto", "crypto", "{2B99AA5A-DF15-42F2-BDCF-2B01986ED32B}"
EndProject
Project("{9A19103F-16F7-4668-BE54-9A1E7A4F7556}") = "LCS35", "crypto\LCS35\LCS35.csproj", "{C76BBADB-4245-4161-971C-A007E1651D2A}"
EndProject
Project("{9A19103F-16F7-4668-BE54-9A1E7A4F7556}") = "002-insertion-sort", "lafore_data_structures\insertion-sort\002-insertion-sort.csproj", "{EAE660C0-8760-4188-9570-1515C38A6344}"
EndProject
Project("{9A19103F-16F7-4668-BE54-9A1E7A4F7556}") = "112-object-sort", "lafore_data_structures\112-object-sort\112-object-sort.csproj", "{938F42FD-4829-47E2-BF1D-5CE950E62833}"
EndProject
Project("{2150E333-8FDC-42A3-9474-1A3956D46DE8}") = "Structural", "Structural", "{D45D1661-5FCD-477D-879C-2796B31E62C8}"
EndProject
Project("{9A19103F-16F7-4668-BE54-9A1E7A4F7556}") = "Composite", "DesignPatterns\Structural\Composite\Composite.csproj", "{4DFF5173-879B-4C1B-99A7-DBB5D14DDBED}"
EndProject
Project("{9A19103F-16F7-4668-BE54-9A1E7A4F7556}") = "Mediator", "DesignPatterns\Behaviour\Mediator\Mediator.csproj", "{D59257A4-E8E9-4807-BF67-C5980EF902D2}"
EndProject
Project("{9A19103F-16F7-4668-BE54-9A1E7A4F7556}") = "129-reverse-word-stack", "lafore_data_structures\129-reverse-word-stack\129-reverse-word-stack.csproj", "{ED6D23DA-BBAA-42FD-8F3B-F2B38A8FDC1D}"
EndProject
Project("{9A19103F-16F7-4668-BE54-9A1E7A4F7556}") = "133-brackets", "lafore_data_structures\133-brackets\133-brackets.csproj", "{3CC9646E-DCF8-4BAF-85CF-FC16DC007A79}"
EndProject
Project("{9A19103F-16F7-4668-BE54-9A1E7A4F7556}") = "150-priority-q", "lafore_data_structures\150-priority-q\150-priority-q.csproj", "{7FE58EA5-76C4-40DE-9AE9-370E74652D57}"
EndProject
Project("{9A19103F-16F7-4668-BE54-9A1E7A4F7556}") = "165-infix", "lafore_data_structures\165-infix\165-infix.csproj", "{164F5D03-3291-4C01-8919-7B2C1EA5459D}"
EndProject
Project("{9A19103F-16F7-4668-BE54-9A1E7A4F7556}") = "190-linked-list", "lafore_data_structures\190-linked-list\190-linked-list.csproj", "{2CFE3A63-158B-47EA-A62C-8457C090A4A0}"
EndProject
Project("{2150E333-8FDC-42A3-9474-1A3956D46DE8}") = "algs", "algs", "{51953BD7-9A17-4369-A1B7-06383D4F4FC9}"
EndProject
Project("{9A19103F-16F7-4668-BE54-9A1E7A4F7556}") = "AhoCorasick", "algs\AhoCorasick\AhoCorasick.csproj", "{8791C0BF-5732-4180-8669-BDA7C118DF5C}"
EndProject
Project("{9A19103F-16F7-4668-BE54-9A1E7A4F7556}") = "BalancedParenthesesInExpression", "algs\BalancedParenthesesInExpression\BalancedParenthesesInExpression.csproj", "{87EB9B1D-0E3F-4B47-BDC0-E5CB7EE535E8}"
EndProject
Project("{FAE04EC0-301F-11D3-BF4B-00C04F79EFBC}") = "197-first-last-list", "lafore_data_structures\197-first-last-list\197-first-last-list.csproj", "{1F74B20C-0F57-451C-A291-5470AD3F741F}"
EndProject
Project("{2150E333-8FDC-42A3-9474-1A3956D46DE8}") = "security", "security", "{6FBEC99D-F645-4DF4-8825-53AF1593F0A7}"
EndProject
Project("{FAE04EC0-301F-11D3-BF4B-00C04F79EFBC}") = "gadget", "security\gadget\gadget.csproj", "{9C0DAC78-DF01-4D26-8C50-5B73117ED976}"
EndProject
Project("{2150E333-8FDC-42A3-9474-1A3956D46DE8}") = "arch", "arch", "{389B40ED-685E-4A35-A15A-D54D6117264B}"
EndProject
Project("{FAE04EC0-301F-11D3-BF4B-00C04F79EFBC}") = "nservicebus-step-by-step", "arch\nservicebus-step-by-step\nservicebus-step-by-step.csproj", "{E0C8B4CC-2665-4DBC-9C95-B23375F00ACD}"
EndProject
Project("{9A19103F-16F7-4668-BE54-9A1E7A4F7556}") = "BinaryHeap", "algs\BinaryHeap\BinaryHeap.csproj", "{B4784784-E2FA-459D-9C3B-931A418390ED}"
EndProject
Project("{9A19103F-16F7-4668-BE54-9A1E7A4F7556}") = "BinaryHeapExtended", "algs\BinaryHeapExtended\BinaryHeapExtended.csproj", "{EE80C4C6-7ED8-4652-93C4-920F6C21A0B5}"
EndProject
Project("{9A19103F-16F7-4668-BE54-9A1E7A4F7556}") = "BinarySearch", "algs\BinarySearch\BinarySearch.csproj", "{C3F9B8AB-CC3E-42C2-B289-03E1F7C78C41}"
EndProject
Project("{9A19103F-16F7-4668-BE54-9A1E7A4F7556}") = "FIb", "algs\FIb\FIb.csproj", "{74155A57-767B-4C33-A966-F7F7B18AC094}"
EndProject
Project("{2150E333-8FDC-42A3-9474-1A3956D46DE8}") = "mult", "mult", "{B3351533-1AA6-4952-8BFA-D4378E057956}"
EndProject
Project("{FAE04EC0-301F-11D3-BF4B-00C04F79EFBC}") = "ParallelDemo", "mult\ParallelDemo\ParallelDemo.csproj", "{5BC69670-B51C-4E2B-A167-E8C2D6C07EB0}"
EndProject
Project("{FAE04EC0-301F-11D3-BF4B-00C04F79EFBC}") = "ParallelProgramming", "mult\ParallelProgramming\ParallelProgramming.csproj", "{2925FDF9-B692-4F92-87E6-CB112B0589F5}"
EndProject
Project("{FAE04EC0-301F-11D3-BF4B-00C04F79EFBC}") = "docs-examples", "mult\docs-examples\docs-examples.csproj", "{0C243198-7AC4-4E68-A0DD-8A0DD9C9AE9E}"
EndProject
Global
	GlobalSection(SolutionConfigurationPlatforms) = preSolution
		Debug|Any CPU = Debug|Any CPU
		Release|Any CPU = Release|Any CPU
	EndGlobalSection
	GlobalSection(ProjectConfigurationPlatforms) = postSolution
		{FC46E3F7-EF4F-4214-BC49-130AFF036FC1}.Debug|Any CPU.ActiveCfg = Debug|Any CPU
		{FC46E3F7-EF4F-4214-BC49-130AFF036FC1}.Debug|Any CPU.Build.0 = Debug|Any CPU
		{FC46E3F7-EF4F-4214-BC49-130AFF036FC1}.Release|Any CPU.ActiveCfg = Release|Any CPU
		{FC46E3F7-EF4F-4214-BC49-130AFF036FC1}.Release|Any CPU.Build.0 = Release|Any CPU
		{6F9794CB-8B28-42EF-9CF0-84178045BF4D}.Debug|Any CPU.ActiveCfg = Debug|Any CPU
		{6F9794CB-8B28-42EF-9CF0-84178045BF4D}.Debug|Any CPU.Build.0 = Debug|Any CPU
		{6F9794CB-8B28-42EF-9CF0-84178045BF4D}.Release|Any CPU.ActiveCfg = Release|Any CPU
		{6F9794CB-8B28-42EF-9CF0-84178045BF4D}.Release|Any CPU.Build.0 = Release|Any CPU
		{C62C574A-D5EA-447F-86EF-DE05C10A3706}.Debug|Any CPU.ActiveCfg = Debug|Any CPU
		{C62C574A-D5EA-447F-86EF-DE05C10A3706}.Debug|Any CPU.Build.0 = Debug|Any CPU
		{C62C574A-D5EA-447F-86EF-DE05C10A3706}.Release|Any CPU.ActiveCfg = Release|Any CPU
		{C62C574A-D5EA-447F-86EF-DE05C10A3706}.Release|Any CPU.Build.0 = Release|Any CPU
		{77CC77A5-8D96-48C5-A152-10081A8C668C}.Debug|Any CPU.ActiveCfg = Debug|Any CPU
		{77CC77A5-8D96-48C5-A152-10081A8C668C}.Debug|Any CPU.Build.0 = Debug|Any CPU
		{77CC77A5-8D96-48C5-A152-10081A8C668C}.Release|Any CPU.ActiveCfg = Release|Any CPU
		{77CC77A5-8D96-48C5-A152-10081A8C668C}.Release|Any CPU.Build.0 = Release|Any CPU
		{C44CEE4E-10FA-4DF2-B046-4B901FBE7D38}.Debug|Any CPU.ActiveCfg = Debug|Any CPU
		{C44CEE4E-10FA-4DF2-B046-4B901FBE7D38}.Debug|Any CPU.Build.0 = Debug|Any CPU
		{C44CEE4E-10FA-4DF2-B046-4B901FBE7D38}.Release|Any CPU.ActiveCfg = Release|Any CPU
		{C44CEE4E-10FA-4DF2-B046-4B901FBE7D38}.Release|Any CPU.Build.0 = Release|Any CPU
		{C7D130C8-F181-456F-9AF3-42374328A08B}.Debug|Any CPU.ActiveCfg = Debug|Any CPU
		{C7D130C8-F181-456F-9AF3-42374328A08B}.Debug|Any CPU.Build.0 = Debug|Any CPU
		{C7D130C8-F181-456F-9AF3-42374328A08B}.Release|Any CPU.ActiveCfg = Release|Any CPU
		{C7D130C8-F181-456F-9AF3-42374328A08B}.Release|Any CPU.Build.0 = Release|Any CPU
		{E15F46FF-85E3-4886-B053-909F8628C434}.Debug|Any CPU.ActiveCfg = Debug|Any CPU
		{E15F46FF-85E3-4886-B053-909F8628C434}.Debug|Any CPU.Build.0 = Debug|Any CPU
		{E15F46FF-85E3-4886-B053-909F8628C434}.Release|Any CPU.ActiveCfg = Release|Any CPU
		{E15F46FF-85E3-4886-B053-909F8628C434}.Release|Any CPU.Build.0 = Release|Any CPU
		{D668C8A9-35E7-4993-9D20-85D097CB2A53}.Debug|Any CPU.ActiveCfg = Debug|Any CPU
		{D668C8A9-35E7-4993-9D20-85D097CB2A53}.Debug|Any CPU.Build.0 = Debug|Any CPU
		{D668C8A9-35E7-4993-9D20-85D097CB2A53}.Release|Any CPU.ActiveCfg = Release|Any CPU
		{D668C8A9-35E7-4993-9D20-85D097CB2A53}.Release|Any CPU.Build.0 = Release|Any CPU
		{69123437-465D-4A64-82DA-5EC5B529CBA1}.Debug|Any CPU.ActiveCfg = Debug|Any CPU
		{69123437-465D-4A64-82DA-5EC5B529CBA1}.Debug|Any CPU.Build.0 = Debug|Any CPU
		{69123437-465D-4A64-82DA-5EC5B529CBA1}.Release|Any CPU.ActiveCfg = Release|Any CPU
		{69123437-465D-4A64-82DA-5EC5B529CBA1}.Release|Any CPU.Build.0 = Release|Any CPU
		{C76BBADB-4245-4161-971C-A007E1651D2A}.Debug|Any CPU.ActiveCfg = Debug|Any CPU
		{C76BBADB-4245-4161-971C-A007E1651D2A}.Debug|Any CPU.Build.0 = Debug|Any CPU
		{C76BBADB-4245-4161-971C-A007E1651D2A}.Release|Any CPU.ActiveCfg = Release|Any CPU
		{C76BBADB-4245-4161-971C-A007E1651D2A}.Release|Any CPU.Build.0 = Release|Any CPU
		{EAE660C0-8760-4188-9570-1515C38A6344}.Debug|Any CPU.ActiveCfg = Debug|Any CPU
		{EAE660C0-8760-4188-9570-1515C38A6344}.Debug|Any CPU.Build.0 = Debug|Any CPU
		{EAE660C0-8760-4188-9570-1515C38A6344}.Release|Any CPU.ActiveCfg = Release|Any CPU
		{EAE660C0-8760-4188-9570-1515C38A6344}.Release|Any CPU.Build.0 = Release|Any CPU
		{938F42FD-4829-47E2-BF1D-5CE950E62833}.Debug|Any CPU.ActiveCfg = Debug|Any CPU
		{938F42FD-4829-47E2-BF1D-5CE950E62833}.Debug|Any CPU.Build.0 = Debug|Any CPU
		{938F42FD-4829-47E2-BF1D-5CE950E62833}.Release|Any CPU.ActiveCfg = Release|Any CPU
		{938F42FD-4829-47E2-BF1D-5CE950E62833}.Release|Any CPU.Build.0 = Release|Any CPU
		{4DFF5173-879B-4C1B-99A7-DBB5D14DDBED}.Debug|Any CPU.ActiveCfg = Debug|Any CPU
		{4DFF5173-879B-4C1B-99A7-DBB5D14DDBED}.Debug|Any CPU.Build.0 = Debug|Any CPU
		{4DFF5173-879B-4C1B-99A7-DBB5D14DDBED}.Release|Any CPU.ActiveCfg = Release|Any CPU
		{4DFF5173-879B-4C1B-99A7-DBB5D14DDBED}.Release|Any CPU.Build.0 = Release|Any CPU
		{D59257A4-E8E9-4807-BF67-C5980EF902D2}.Debug|Any CPU.ActiveCfg = Debug|Any CPU
		{D59257A4-E8E9-4807-BF67-C5980EF902D2}.Debug|Any CPU.Build.0 = Debug|Any CPU
		{D59257A4-E8E9-4807-BF67-C5980EF902D2}.Release|Any CPU.ActiveCfg = Release|Any CPU
		{D59257A4-E8E9-4807-BF67-C5980EF902D2}.Release|Any CPU.Build.0 = Release|Any CPU
		{ED6D23DA-BBAA-42FD-8F3B-F2B38A8FDC1D}.Debug|Any CPU.ActiveCfg = Debug|Any CPU
		{ED6D23DA-BBAA-42FD-8F3B-F2B38A8FDC1D}.Debug|Any CPU.Build.0 = Debug|Any CPU
		{ED6D23DA-BBAA-42FD-8F3B-F2B38A8FDC1D}.Release|Any CPU.ActiveCfg = Release|Any CPU
		{ED6D23DA-BBAA-42FD-8F3B-F2B38A8FDC1D}.Release|Any CPU.Build.0 = Release|Any CPU
		{3CC9646E-DCF8-4BAF-85CF-FC16DC007A79}.Debug|Any CPU.ActiveCfg = Debug|Any CPU
		{3CC9646E-DCF8-4BAF-85CF-FC16DC007A79}.Debug|Any CPU.Build.0 = Debug|Any CPU
		{3CC9646E-DCF8-4BAF-85CF-FC16DC007A79}.Release|Any CPU.ActiveCfg = Release|Any CPU
		{3CC9646E-DCF8-4BAF-85CF-FC16DC007A79}.Release|Any CPU.Build.0 = Release|Any CPU
		{7FE58EA5-76C4-40DE-9AE9-370E74652D57}.Debug|Any CPU.ActiveCfg = Debug|Any CPU
		{7FE58EA5-76C4-40DE-9AE9-370E74652D57}.Debug|Any CPU.Build.0 = Debug|Any CPU
		{7FE58EA5-76C4-40DE-9AE9-370E74652D57}.Release|Any CPU.ActiveCfg = Release|Any CPU
		{7FE58EA5-76C4-40DE-9AE9-370E74652D57}.Release|Any CPU.Build.0 = Release|Any CPU
		{164F5D03-3291-4C01-8919-7B2C1EA5459D}.Debug|Any CPU.ActiveCfg = Debug|Any CPU
		{164F5D03-3291-4C01-8919-7B2C1EA5459D}.Debug|Any CPU.Build.0 = Debug|Any CPU
		{164F5D03-3291-4C01-8919-7B2C1EA5459D}.Release|Any CPU.ActiveCfg = Release|Any CPU
		{164F5D03-3291-4C01-8919-7B2C1EA5459D}.Release|Any CPU.Build.0 = Release|Any CPU
		{2CFE3A63-158B-47EA-A62C-8457C090A4A0}.Debug|Any CPU.ActiveCfg = Debug|Any CPU
		{2CFE3A63-158B-47EA-A62C-8457C090A4A0}.Debug|Any CPU.Build.0 = Debug|Any CPU
		{2CFE3A63-158B-47EA-A62C-8457C090A4A0}.Release|Any CPU.ActiveCfg = Release|Any CPU
		{2CFE3A63-158B-47EA-A62C-8457C090A4A0}.Release|Any CPU.Build.0 = Release|Any CPU
		{8791C0BF-5732-4180-8669-BDA7C118DF5C}.Debug|Any CPU.ActiveCfg = Debug|Any CPU
		{8791C0BF-5732-4180-8669-BDA7C118DF5C}.Debug|Any CPU.Build.0 = Debug|Any CPU
		{8791C0BF-5732-4180-8669-BDA7C118DF5C}.Release|Any CPU.ActiveCfg = Release|Any CPU
		{8791C0BF-5732-4180-8669-BDA7C118DF5C}.Release|Any CPU.Build.0 = Release|Any CPU
		{87EB9B1D-0E3F-4B47-BDC0-E5CB7EE535E8}.Debug|Any CPU.ActiveCfg = Debug|Any CPU
		{87EB9B1D-0E3F-4B47-BDC0-E5CB7EE535E8}.Debug|Any CPU.Build.0 = Debug|Any CPU
		{87EB9B1D-0E3F-4B47-BDC0-E5CB7EE535E8}.Release|Any CPU.ActiveCfg = Release|Any CPU
		{87EB9B1D-0E3F-4B47-BDC0-E5CB7EE535E8}.Release|Any CPU.Build.0 = Release|Any CPU
		{1F74B20C-0F57-451C-A291-5470AD3F741F}.Debug|Any CPU.ActiveCfg = Debug|Any CPU
		{1F74B20C-0F57-451C-A291-5470AD3F741F}.Debug|Any CPU.Build.0 = Debug|Any CPU
		{1F74B20C-0F57-451C-A291-5470AD3F741F}.Release|Any CPU.ActiveCfg = Release|Any CPU
		{1F74B20C-0F57-451C-A291-5470AD3F741F}.Release|Any CPU.Build.0 = Release|Any CPU
		{9C0DAC78-DF01-4D26-8C50-5B73117ED976}.Debug|Any CPU.ActiveCfg = Debug|Any CPU
		{9C0DAC78-DF01-4D26-8C50-5B73117ED976}.Debug|Any CPU.Build.0 = Debug|Any CPU
		{9C0DAC78-DF01-4D26-8C50-5B73117ED976}.Release|Any CPU.ActiveCfg = Release|Any CPU
		{9C0DAC78-DF01-4D26-8C50-5B73117ED976}.Release|Any CPU.Build.0 = Release|Any CPU
		{E0C8B4CC-2665-4DBC-9C95-B23375F00ACD}.Debug|Any CPU.ActiveCfg = Debug|Any CPU
		{E0C8B4CC-2665-4DBC-9C95-B23375F00ACD}.Debug|Any CPU.Build.0 = Debug|Any CPU
		{E0C8B4CC-2665-4DBC-9C95-B23375F00ACD}.Release|Any CPU.ActiveCfg = Release|Any CPU
		{E0C8B4CC-2665-4DBC-9C95-B23375F00ACD}.Release|Any CPU.Build.0 = Release|Any CPU
		{B4784784-E2FA-459D-9C3B-931A418390ED}.Debug|Any CPU.ActiveCfg = Debug|Any CPU
		{B4784784-E2FA-459D-9C3B-931A418390ED}.Debug|Any CPU.Build.0 = Debug|Any CPU
		{B4784784-E2FA-459D-9C3B-931A418390ED}.Release|Any CPU.ActiveCfg = Release|Any CPU
		{B4784784-E2FA-459D-9C3B-931A418390ED}.Release|Any CPU.Build.0 = Release|Any CPU
		{EE80C4C6-7ED8-4652-93C4-920F6C21A0B5}.Debug|Any CPU.ActiveCfg = Debug|Any CPU
		{EE80C4C6-7ED8-4652-93C4-920F6C21A0B5}.Debug|Any CPU.Build.0 = Debug|Any CPU
		{EE80C4C6-7ED8-4652-93C4-920F6C21A0B5}.Release|Any CPU.ActiveCfg = Release|Any CPU
		{EE80C4C6-7ED8-4652-93C4-920F6C21A0B5}.Release|Any CPU.Build.0 = Release|Any CPU
		{C3F9B8AB-CC3E-42C2-B289-03E1F7C78C41}.Debug|Any CPU.ActiveCfg = Debug|Any CPU
		{C3F9B8AB-CC3E-42C2-B289-03E1F7C78C41}.Debug|Any CPU.Build.0 = Debug|Any CPU
		{C3F9B8AB-CC3E-42C2-B289-03E1F7C78C41}.Release|Any CPU.ActiveCfg = Release|Any CPU
		{C3F9B8AB-CC3E-42C2-B289-03E1F7C78C41}.Release|Any CPU.Build.0 = Release|Any CPU
		{74155A57-767B-4C33-A966-F7F7B18AC094}.Debug|Any CPU.ActiveCfg = Debug|Any CPU
		{74155A57-767B-4C33-A966-F7F7B18AC094}.Debug|Any CPU.Build.0 = Debug|Any CPU
		{74155A57-767B-4C33-A966-F7F7B18AC094}.Release|Any CPU.ActiveCfg = Release|Any CPU
		{74155A57-767B-4C33-A966-F7F7B18AC094}.Release|Any CPU.Build.0 = Release|Any CPU
		{5BC69670-B51C-4E2B-A167-E8C2D6C07EB0}.Debug|Any CPU.ActiveCfg = Debug|Any CPU
		{5BC69670-B51C-4E2B-A167-E8C2D6C07EB0}.Debug|Any CPU.Build.0 = Debug|Any CPU
		{5BC69670-B51C-4E2B-A167-E8C2D6C07EB0}.Release|Any CPU.ActiveCfg = Release|Any CPU
		{5BC69670-B51C-4E2B-A167-E8C2D6C07EB0}.Release|Any CPU.Build.0 = Release|Any CPU
		{2925FDF9-B692-4F92-87E6-CB112B0589F5}.Debug|Any CPU.ActiveCfg = Debug|Any CPU
		{2925FDF9-B692-4F92-87E6-CB112B0589F5}.Debug|Any CPU.Build.0 = Debug|Any CPU
		{2925FDF9-B692-4F92-87E6-CB112B0589F5}.Release|Any CPU.ActiveCfg = Release|Any CPU
		{2925FDF9-B692-4F92-87E6-CB112B0589F5}.Release|Any CPU.Build.0 = Release|Any CPU
		{0C243198-7AC4-4E68-A0DD-8A0DD9C9AE9E}.Debug|Any CPU.ActiveCfg = Debug|Any CPU
		{0C243198-7AC4-4E68-A0DD-8A0DD9C9AE9E}.Debug|Any CPU.Build.0 = Debug|Any CPU
		{0C243198-7AC4-4E68-A0DD-8A0DD9C9AE9E}.Release|Any CPU.ActiveCfg = Release|Any CPU
		{0C243198-7AC4-4E68-A0DD-8A0DD9C9AE9E}.Release|Any CPU.Build.0 = Release|Any CPU
	EndGlobalSection
	GlobalSection(SolutionProperties) = preSolution
		HideSolutionNode = FALSE
	EndGlobalSection
	GlobalSection(NestedProjects) = preSolution
		{C7D130C8-F181-456F-9AF3-42374328A08B} = {93C34EBC-A920-4E69-9844-8139BF202913}
		{4D3FEBB3-0B46-49AD-9E3E-1009560F1C41} = {FF13E45B-80B6-4E9D-9366-D87A188D2EB8}
		{E15F46FF-85E3-4886-B053-909F8628C434} = {4D3FEBB3-0B46-49AD-9E3E-1009560F1C41}
		{D668C8A9-35E7-4993-9D20-85D097CB2A53} = {05A5DA9E-6F16-4B8E-9B0E-08E5B015443A}
		{69123437-465D-4A64-82DA-5EC5B529CBA1} = {9840B35A-C0B9-4D29-B4F9-E2DBDFB49B84}
		{C76BBADB-4245-4161-971C-A007E1651D2A} = {2B99AA5A-DF15-42F2-BDCF-2B01986ED32B}
		{EAE660C0-8760-4188-9570-1515C38A6344} = {9840B35A-C0B9-4D29-B4F9-E2DBDFB49B84}
		{938F42FD-4829-47E2-BF1D-5CE950E62833} = {9840B35A-C0B9-4D29-B4F9-E2DBDFB49B84}
		{D45D1661-5FCD-477D-879C-2796B31E62C8} = {FF13E45B-80B6-4E9D-9366-D87A188D2EB8}
		{4DFF5173-879B-4C1B-99A7-DBB5D14DDBED} = {D45D1661-5FCD-477D-879C-2796B31E62C8}
		{D59257A4-E8E9-4807-BF67-C5980EF902D2} = {4D3FEBB3-0B46-49AD-9E3E-1009560F1C41}
		{ED6D23DA-BBAA-42FD-8F3B-F2B38A8FDC1D} = {9840B35A-C0B9-4D29-B4F9-E2DBDFB49B84}
		{3CC9646E-DCF8-4BAF-85CF-FC16DC007A79} = {9840B35A-C0B9-4D29-B4F9-E2DBDFB49B84}
		{7FE58EA5-76C4-40DE-9AE9-370E74652D57} = {9840B35A-C0B9-4D29-B4F9-E2DBDFB49B84}
		{164F5D03-3291-4C01-8919-7B2C1EA5459D} = {9840B35A-C0B9-4D29-B4F9-E2DBDFB49B84}
		{2CFE3A63-158B-47EA-A62C-8457C090A4A0} = {9840B35A-C0B9-4D29-B4F9-E2DBDFB49B84}
		{8791C0BF-5732-4180-8669-BDA7C118DF5C} = {51953BD7-9A17-4369-A1B7-06383D4F4FC9}
		{87EB9B1D-0E3F-4B47-BDC0-E5CB7EE535E8} = {51953BD7-9A17-4369-A1B7-06383D4F4FC9}
		{1F74B20C-0F57-451C-A291-5470AD3F741F} = {9840B35A-C0B9-4D29-B4F9-E2DBDFB49B84}
		{9C0DAC78-DF01-4D26-8C50-5B73117ED976} = {6FBEC99D-F645-4DF4-8825-53AF1593F0A7}
		{E0C8B4CC-2665-4DBC-9C95-B23375F00ACD} = {389B40ED-685E-4A35-A15A-D54D6117264B}
		{B4784784-E2FA-459D-9C3B-931A418390ED} = {51953BD7-9A17-4369-A1B7-06383D4F4FC9}
		{EE80C4C6-7ED8-4652-93C4-920F6C21A0B5} = {51953BD7-9A17-4369-A1B7-06383D4F4FC9}
		{C3F9B8AB-CC3E-42C2-B289-03E1F7C78C41} = {51953BD7-9A17-4369-A1B7-06383D4F4FC9}
		{74155A57-767B-4C33-A966-F7F7B18AC094} = {51953BD7-9A17-4369-A1B7-06383D4F4FC9}
		{5BC69670-B51C-4E2B-A167-E8C2D6C07EB0} = {B3351533-1AA6-4952-8BFA-D4378E057956}
		{2925FDF9-B692-4F92-87E6-CB112B0589F5} = {B3351533-1AA6-4952-8BFA-D4378E057956}
		{0C243198-7AC4-4E68-A0DD-8A0DD9C9AE9E} = {B3351533-1AA6-4952-8BFA-D4378E057956}
	EndGlobalSection
	GlobalSection(ExtensibilityGlobals) = postSolution
		SolutionGuid = {A6069C04-3F20-4887-B277-AC4CF5E0AD9B}
	EndGlobalSection
EndGlobal
